// !$*UTF8*$!
{
	archiveVersion = 1;
	classes = {
	};
	objectVersion = 46;
	objects = {

/* Begin PBXAggregateTarget section */
		5814F808B0AF3D115EFED64A /* hw5 - All */ = {
			isa = PBXAggregateTarget;
			buildConfigurationList = 4BD51406213CD5B283FDC7A2;
			buildPhases = (
			);
			dependencies = (
				4849628829314702D89A1B2B,
				EBD7A30CA1DFCFE2B3665380,
				5037F015EBC102AD4A610A84,
				F7844ED00519D95F1ADF6D09,
				A3A6FEDF6ADC716BEEC412CA,
			);
			name = "hw5 - All";
			productName = hw5;
		};
/* End PBXAggregateTarget section */

/* Begin PBXBuildFile section */
		0762E67A8F740FB8BF8BBC6E /* Security.framework */ = {isa = PBXBuildFile; fileRef = 12309932DEAC4CB364C16585; };
		079139B3B28AEF0F64C1D719 /* include_juce_graphics_Sheenbidi.c */ = {isa = PBXBuildFile; fileRef = 64673F91E056BDA94FB07C39; };
		11CFA0FFDB889A9307C710ED /* CoreAudio.framework */ = {isa = PBXBuildFile; fileRef = 6856F17424ED065E2DC2EB71; };
		1C3452B318AE120DAF01A99C /* include_juce_audio_plugin_client_ARA.cpp */ = {isa = PBXBuildFile; fileRef = AD7391B87C2DADCF56233C0A; };
		1F2683B9B15B84F749CCCBE2 /* include_juce_audio_plugin_client_VST3.mm */ = {isa = PBXBuildFile; fileRef = 40F3C798F3C9E5B93D41C9CC; };
		256B0EA6647CD6BB5E2A4C44 /* include_juce_audio_plugin_client_AU_2.mm */ = {isa = PBXBuildFile; fileRef = 239A20A1412BE8F52CA1A88A; };
		27B3FD43812282E6D8C59F81 /* include_juce_audio_formats.mm */ = {isa = PBXBuildFile; fileRef = D735F8F085D5C19E96F7DD30; };
		297F2587FB6D25D7AA8C2CB0 /* juce_VST3ManifestHelper.mm */ = {isa = PBXBuildFile; fileRef = DED47AC0983DE515445C7E4B; settings = { COMPILER_FLAGS = "-fobjc-arc -w -DJUCE_SKIP_PRECOMPILED_HEADER"; }; };
		2CAD820F65E48236A66C69B3 /* Foundation.framework */ = {isa = PBXBuildFile; fileRef = 6F1512BB7B95291E027B1059; };
		39882DA13DE396B0D6EE76B7 /* include_juce_core_CompilationTime.cpp */ = {isa = PBXBuildFile; fileRef = 107F5A49DA72E0CD0F40FE82; };
		3C34317F113344D2709BD6EF /* include_juce_data_structures.mm */ = {isa = PBXBuildFile; fileRef = B5E7D4E1982C34F13DCB2DCD; };
		3F5E589174E0923E86049C04 /* Shared Code */ = {isa = PBXBuildFile; fileRef = EB9B4E847C6E09EDB74C933D; };
		41B07AC48941BEA4148352FF /* include_juce_audio_processors.mm */ = {isa = PBXBuildFile; fileRef = D2B44618C973438280A57D39; };
		4966095C6FED3C11CEA82437 /* CoreAudioKit.framework */ = {isa = PBXBuildFile; fileRef = 7764D6DD2EE2C8A25BCCD02A; };
		497063C4CCBD5A4687EFABCD /* DiscRecording.framework */ = {isa = PBXBuildFile; fileRef = D56D582CA7C9D5B3F4C77EDD; };
		4FA2C0906CF0A356106C90D1 /* PluginProcessor.cpp */ = {isa = PBXBuildFile; fileRef = 47CDBBD3C612F0842C802F86; };
		5050C5BA212A4601B254772B /* RecentFilesMenuTemplate.nib */ = {isa = PBXBuildFile; fileRef = 83EDEA58D87321F4597AD991; };
		6101A774A811B252FED8F100 /* include_juce_audio_plugin_client_AU_1.mm */ = {isa = PBXBuildFile; fileRef = 62797ACEBD490F860252AC7C; };
		6C6B9B0EBF1C79A2FF0AEECF /* Metal.framework */ = {isa = PBXBuildFile; fileRef = 04AE0C023EBC16B8694561BE; settings = { ATTRIBUTES = (Weak, ); }; };
		6FAE9F63ABFBD5C70740298F /* include_juce_audio_basics.mm */ = {isa = PBXBuildFile; fileRef = 7A5C6C3D9E1874D90ACAF858; };
		79C9C17FBC9223EF7897D2D9 /* include_juce_audio_devices.mm */ = {isa = PBXBuildFile; fileRef = D78812D2D19BFB4DA291D2D5; };
		7D005E80D17B2F3CE2508C5B /* Standalone Plugin */ = {isa = PBXBuildFile; fileRef = E02D218D3297EE1588ED1AC0; };
		87AC7AD561342339672CFBF0 /* include_juce_graphics.mm */ = {isa = PBXBuildFile; fileRef = CB1802D7E06FE68D05CD24BC; };
		88EBD23E4FD86F1CB431835E /* include_juce_dsp.mm */ = {isa = PBXBuildFile; fileRef = B38DD5197E5A97FA7E73EB2F; };
		90ADC796BE39043AD06CC68B /* include_juce_audio_plugin_client_Standalone.cpp */ = {isa = PBXBuildFile; fileRef = 1B12A91425823FEAA6F8393E; };
		9F105B0F4F337495946FC45B /* VST3 Manifest Helper */ = {isa = PBXBuildFile; fileRef = 11D36BFF2F682787BB69A025; };
		A1230655A5A6842944E13CB0 /* VST3 */ = {isa = PBXBuildFile; fileRef = 0D5FFF794150629A50346EB5; };
		A26A852EE46B07805605C541 /* include_juce_core.mm */ = {isa = PBXBuildFile; fileRef = A775C957BAF250CFCCB030A5; };
		A26AB9040B4A99916B490ADB /* AU */ = {isa = PBXBuildFile; fileRef = 250984B4E813D4024E4B871D; };
		B3D6349F7EAB7AE667A37A24 /* WebKit.framework */ = {isa = PBXBuildFile; fileRef = AC0DD09298290F740CC4DBEE; };
		B538790CEA55E6E0DBD482DA /* MetalKit.framework */ = {isa = PBXBuildFile; fileRef = D4935E8BAC243447955FE436; settings = { ATTRIBUTES = (Weak, ); }; };
		B852FA2F222609B0DF151195 /* Cocoa.framework */ = {isa = PBXBuildFile; fileRef = B670038D7A4844CC732B50CB; };
		BC022B799EC4F3693A5FA4B5 /* AudioUnit.framework */ = {isa = PBXBuildFile; fileRef = EA683FC379184BC0DC48382C; };
		BE55869BB407DC8B377832A2 /* include_juce_audio_processors_lv2_libs.cpp */ = {isa = PBXBuildFile; fileRef = 13C2804026FFF5C1037191C6; };
		BE58C0ADD92CFEB5EC6D2E66 /* include_juce_graphics_Harfbuzz.cpp */ = {isa = PBXBuildFile; fileRef = 49020677EEE2D37AB31EC384; };
		C52A90371CE8FC5A92AA3948 /* include_juce_gui_basics.mm */ = {isa = PBXBuildFile; fileRef = 19A92E67EF281596D73EA1F7; };
		CC93BFBDAA365F868002AC6E /* include_juce_audio_processors_ara.cpp */ = {isa = PBXBuildFile; fileRef = 65BE452D0C9DBBB730D38EF8; };
		DA903C334A17B08D6DB0048A /* CoreMIDI.framework */ = {isa = PBXBuildFile; fileRef = 8C86996EE58A0FD3A1F4F7AB; };
		DFDC4B02342ADE06F0C10A1B /* include_juce_audio_utils.mm */ = {isa = PBXBuildFile; fileRef = 5EA19DFD9902C74DA4BDC784; };
		E58A8D7EB559C94389B249FC /* include_juce_gui_extra.mm */ = {isa = PBXBuildFile; fileRef = 1712A025082C6D4870EC5DF5; };
		E7A72729C8E75A15D39F6EF2 /* QuartzCore.framework */ = {isa = PBXBuildFile; fileRef = F1AC08ECEAB9A3FE94704F40; };
		E9B2259CC3489A4C4164AC9F /* Accelerate.framework */ = {isa = PBXBuildFile; fileRef = 33A7590EC08026A71D369D91; };
		EA95AB6C37A79CC9346B03C9 /* include_juce_events.mm */ = {isa = PBXBuildFile; fileRef = E2C034F684A89D36E532EACD; };
		EF8A1715C0BD3E343D17445C /* PluginEditor.cpp */ = {isa = PBXBuildFile; fileRef = 5FD07662F4A8E3D3FEEE760D; };
		F5DD11F114F6DA367B91F7A6 /* AudioToolbox.framework */ = {isa = PBXBuildFile; fileRef = B7B8C0FC6E48F0F7E0E4E170; };
		FD3559C4DF76353ABFE61786 /* IOKit.framework */ = {isa = PBXBuildFile; fileRef = EF9C646F7CB475C013E55FE4; };
/* End PBXBuildFile section */

/* Begin PBXFileReference section */
		04AE0C023EBC16B8694561BE /* Metal.framework */ /* Metal.framework */ = {isa = PBXFileReference; lastKnownFileType = wrapper.framework; name = Metal.framework; path = System/Library/Frameworks/Metal.framework; sourceTree = SDKROOT; };
		07296C45B359DAC05347031A /* juce_audio_basics */ /* juce_audio_basics */ = {isa = PBXFileReference; lastKnownFileType = folder; name = juce_audio_basics; path = /Applications/JUCE/modules/juce_audio_basics; sourceTree = "<absolute>"; };
		0BAEB518642F1B67FFF20E25 /* juce_events */ /* juce_events */ = {isa = PBXFileReference; lastKnownFileType = folder; name = juce_events; path = /Applications/JUCE/modules/juce_events; sourceTree = "<absolute>"; };
		0D5FFF794150629A50346EB5 /* VST3 */ = {isa = PBXFileReference; explicitFileType = wrapper.cfbundle; includeInIndex = 0; path = hw5.vst3; sourceTree = BUILT_PRODUCTS_DIR; };
		107F5A49DA72E0CD0F40FE82 /* include_juce_core_CompilationTime.cpp */ /* include_juce_core_CompilationTime.cpp */ = {isa = PBXFileReference; lastKnownFileType = sourcecode.cpp.cpp; name = include_juce_core_CompilationTime.cpp; path = ../../JuceLibraryCode/include_juce_core_CompilationTime.cpp; sourceTree = SOURCE_ROOT; };
		11D36BFF2F682787BB69A025 /* VST3 Manifest Helper */ = {isa = PBXFileReference; explicitFileType = "compiled.mach-o.executable"; includeInIndex = 0; path = juce_vst3_helper; sourceTree = BUILT_PRODUCTS_DIR; };
		12309932DEAC4CB364C16585 /* Security.framework */ /* Security.framework */ = {isa = PBXFileReference; lastKnownFileType = wrapper.framework; name = Security.framework; path = System/Library/Frameworks/Security.framework; sourceTree = SDKROOT; };
		13C2804026FFF5C1037191C6 /* include_juce_audio_processors_lv2_libs.cpp */ /* include_juce_audio_processors_lv2_libs.cpp */ = {isa = PBXFileReference; lastKnownFileType = sourcecode.cpp.cpp; name = include_juce_audio_processors_lv2_libs.cpp; path = ../../JuceLibraryCode/include_juce_audio_processors_lv2_libs.cpp; sourceTree = SOURCE_ROOT; };
		1712A025082C6D4870EC5DF5 /* include_juce_gui_extra.mm */ /* include_juce_gui_extra.mm */ = {isa = PBXFileReference; lastKnownFileType = sourcecode.cpp.objcpp; name = include_juce_gui_extra.mm; path = ../../JuceLibraryCode/include_juce_gui_extra.mm; sourceTree = SOURCE_ROOT; };
		19A92E67EF281596D73EA1F7 /* include_juce_gui_basics.mm */ /* include_juce_gui_basics.mm */ = {isa = PBXFileReference; lastKnownFileType = sourcecode.cpp.objcpp; name = include_juce_gui_basics.mm; path = ../../JuceLibraryCode/include_juce_gui_basics.mm; sourceTree = SOURCE_ROOT; };
		1B12A91425823FEAA6F8393E /* include_juce_audio_plugin_client_Standalone.cpp */ /* include_juce_audio_plugin_client_Standalone.cpp */ = {isa = PBXFileReference; lastKnownFileType = sourcecode.cpp.cpp; name = include_juce_audio_plugin_client_Standalone.cpp; path = ../../JuceLibraryCode/include_juce_audio_plugin_client_Standalone.cpp; sourceTree = SOURCE_ROOT; };
		239A20A1412BE8F52CA1A88A /* include_juce_audio_plugin_client_AU_2.mm */ /* include_juce_audio_plugin_client_AU_2.mm */ = {isa = PBXFileReference; lastKnownFileType = sourcecode.cpp.objcpp; name = include_juce_audio_plugin_client_AU_2.mm; path = ../../JuceLibraryCode/include_juce_audio_plugin_client_AU_2.mm; sourceTree = SOURCE_ROOT; };
		250984B4E813D4024E4B871D /* AU */ = {isa = PBXFileReference; explicitFileType = wrapper.cfbundle; includeInIndex = 0; path = hw5.component; sourceTree = BUILT_PRODUCTS_DIR; };
		26C251397D0DB7F9C4390FDF /* PluginEditor.h */ /* PluginEditor.h */ = {isa = PBXFileReference; lastKnownFileType = sourcecode.c.h; name = PluginEditor.h; path = ../../Source/PluginEditor.h; sourceTree = SOURCE_ROOT; };
		28C2154EA3FE6DBCE07A9895 /* juce_dsp */ /* juce_dsp */ = {isa = PBXFileReference; lastKnownFileType = folder; name = juce_dsp; path = /Applications/JUCE/modules/juce_dsp; sourceTree = "<absolute>"; };
		33A7590EC08026A71D369D91 /* Accelerate.framework */ /* Accelerate.framework */ = {isa = PBXFileReference; lastKnownFileType = wrapper.framework; name = Accelerate.framework; path = System/Library/Frameworks/Accelerate.framework; sourceTree = SDKROOT; };
		40F3C798F3C9E5B93D41C9CC /* include_juce_audio_plugin_client_VST3.mm */ /* include_juce_audio_plugin_client_VST3.mm */ = {isa = PBXFileReference; lastKnownFileType = sourcecode.cpp.objcpp; name = include_juce_audio_plugin_client_VST3.mm; path = ../../JuceLibraryCode/include_juce_audio_plugin_client_VST3.mm; sourceTree = SOURCE_ROOT; };
		45871F7E3DA446E4CC31F2F9 /* juce_audio_formats */ /* juce_audio_formats */ = {isa = PBXFileReference; lastKnownFileType = folder; name = juce_audio_formats; path = /Applications/JUCE/modules/juce_audio_formats; sourceTree = "<absolute>"; };
		47CDBBD3C612F0842C802F86 /* PluginProcessor.cpp */ /* PluginProcessor.cpp */ = {isa = PBXFileReference; lastKnownFileType = sourcecode.cpp.cpp; name = PluginProcessor.cpp; path = ../../Source/PluginProcessor.cpp; sourceTree = SOURCE_ROOT; };
		49020677EEE2D37AB31EC384 /* include_juce_graphics_Harfbuzz.cpp */ /* include_juce_graphics_Harfbuzz.cpp */ = {isa = PBXFileReference; lastKnownFileType = sourcecode.cpp.cpp; name = include_juce_graphics_Harfbuzz.cpp; path = ../../JuceLibraryCode/include_juce_graphics_Harfbuzz.cpp; sourceTree = SOURCE_ROOT; };
		52EE9E6CF902A1C331A2929B /* Info-Standalone_Plugin.plist */ /* Info-Standalone_Plugin.plist */ = {isa = PBXFileReference; lastKnownFileType = text.plist.xml; name = "Info-Standalone_Plugin.plist"; path = "Info-Standalone_Plugin.plist"; sourceTree = SOURCE_ROOT; };
		551708EF6D75D4A757E46466 /* juce_data_structures */ /* juce_data_structures */ = {isa = PBXFileReference; lastKnownFileType = folder; name = juce_data_structures; path = /Applications/JUCE/modules/juce_data_structures; sourceTree = "<absolute>"; };
		5EA19DFD9902C74DA4BDC784 /* include_juce_audio_utils.mm */ /* include_juce_audio_utils.mm */ = {isa = PBXFileReference; lastKnownFileType = sourcecode.cpp.objcpp; name = include_juce_audio_utils.mm; path = ../../JuceLibraryCode/include_juce_audio_utils.mm; sourceTree = SOURCE_ROOT; };
		5FD07662F4A8E3D3FEEE760D /* PluginEditor.cpp */ /* PluginEditor.cpp */ = {isa = PBXFileReference; lastKnownFileType = sourcecode.cpp.cpp; name = PluginEditor.cpp; path = ../../Source/PluginEditor.cpp; sourceTree = SOURCE_ROOT; };
		62797ACEBD490F860252AC7C /* include_juce_audio_plugin_client_AU_1.mm */ /* include_juce_audio_plugin_client_AU_1.mm */ = {isa = PBXFileReference; lastKnownFileType = sourcecode.cpp.objcpp; name = include_juce_audio_plugin_client_AU_1.mm; path = ../../JuceLibraryCode/include_juce_audio_plugin_client_AU_1.mm; sourceTree = SOURCE_ROOT; };
		64673F91E056BDA94FB07C39 /* include_juce_graphics_Sheenbidi.c */ /* include_juce_graphics_Sheenbidi.c */ = {isa = PBXFileReference; lastKnownFileType = sourcecode.c.c; name = include_juce_graphics_Sheenbidi.c; path = ../../JuceLibraryCode/include_juce_graphics_Sheenbidi.c; sourceTree = SOURCE_ROOT; };
		65BE452D0C9DBBB730D38EF8 /* include_juce_audio_processors_ara.cpp */ /* include_juce_audio_processors_ara.cpp */ = {isa = PBXFileReference; lastKnownFileType = sourcecode.cpp.cpp; name = include_juce_audio_processors_ara.cpp; path = ../../JuceLibraryCode/include_juce_audio_processors_ara.cpp; sourceTree = SOURCE_ROOT; };
		67C4E41CD859CA74E6CD02FC /* Info-VST3.plist */ /* Info-VST3.plist */ = {isa = PBXFileReference; lastKnownFileType = text.plist.xml; name = "Info-VST3.plist"; path = "Info-VST3.plist"; sourceTree = SOURCE_ROOT; };
		67E753B0648AE7855EF7B961 /* juce_audio_plugin_client */ /* juce_audio_plugin_client */ = {isa = PBXFileReference; lastKnownFileType = folder; name = juce_audio_plugin_client; path = /Applications/JUCE/modules/juce_audio_plugin_client; sourceTree = "<absolute>"; };
		67FBFB6F88395FA6ED7FE03A /* juce_audio_processors */ /* juce_audio_processors */ = {isa = PBXFileReference; lastKnownFileType = folder; name = juce_audio_processors; path = /Applications/JUCE/modules/juce_audio_processors; sourceTree = "<absolute>"; };
		6856F17424ED065E2DC2EB71 /* CoreAudio.framework */ /* CoreAudio.framework */ = {isa = PBXFileReference; lastKnownFileType = wrapper.framework; name = CoreAudio.framework; path = System/Library/Frameworks/CoreAudio.framework; sourceTree = SDKROOT; };
		6BF0AC96F0ED7DD177B9C988 /* juce_graphics */ /* juce_graphics */ = {isa = PBXFileReference; lastKnownFileType = folder; name = juce_graphics; path = /Applications/JUCE/modules/juce_graphics; sourceTree = "<absolute>"; };
		6D515A1C1521AA933FA26CFB /* Info-AU.plist */ /* Info-AU.plist */ = {isa = PBXFileReference; lastKnownFileType = text.plist.xml; name = "Info-AU.plist"; path = "Info-AU.plist"; sourceTree = SOURCE_ROOT; };
		6F1512BB7B95291E027B1059 /* Foundation.framework */ /* Foundation.framework */ = {isa = PBXFileReference; lastKnownFileType = wrapper.framework; name = Foundation.framework; path = System/Library/Frameworks/Foundation.framework; sourceTree = SDKROOT; };
		76E70A9FFAECC47973FB2593 /* JuceHeader.h */ /* JuceHeader.h */ = {isa = PBXFileReference; lastKnownFileType = sourcecode.c.h; name = JuceHeader.h; path = ../../JuceLibraryCode/JuceHeader.h; sourceTree = SOURCE_ROOT; };
		7764D6DD2EE2C8A25BCCD02A /* CoreAudioKit.framework */ /* CoreAudioKit.framework */ = {isa = PBXFileReference; lastKnownFileType = wrapper.framework; name = CoreAudioKit.framework; path = System/Library/Frameworks/CoreAudioKit.framework; sourceTree = SDKROOT; };
		7A5C6C3D9E1874D90ACAF858 /* include_juce_audio_basics.mm */ /* include_juce_audio_basics.mm */ = {isa = PBXFileReference; lastKnownFileType = sourcecode.cpp.objcpp; name = include_juce_audio_basics.mm; path = ../../JuceLibraryCode/include_juce_audio_basics.mm; sourceTree = SOURCE_ROOT; };
		83EDEA58D87321F4597AD991 /* RecentFilesMenuTemplate.nib */ /* RecentFilesMenuTemplate.nib */ = {isa = PBXFileReference; lastKnownFileType = file.nib; name = RecentFilesMenuTemplate.nib; path = RecentFilesMenuTemplate.nib; sourceTree = SOURCE_ROOT; };
		8C86996EE58A0FD3A1F4F7AB /* CoreMIDI.framework */ /* CoreMIDI.framework */ = {isa = PBXFileReference; lastKnownFileType = wrapper.framework; name = CoreMIDI.framework; path = System/Library/Frameworks/CoreMIDI.framework; sourceTree = SDKROOT; };
		8FF707E23E2320568A25BBED /* juce_core */ /* juce_core */ = {isa = PBXFileReference; lastKnownFileType = folder; name = juce_core; path = /Applications/JUCE/modules/juce_core; sourceTree = "<absolute>"; };
		A775C957BAF250CFCCB030A5 /* include_juce_core.mm */ /* include_juce_core.mm */ = {isa = PBXFileReference; lastKnownFileType = sourcecode.cpp.objcpp; name = include_juce_core.mm; path = ../../JuceLibraryCode/include_juce_core.mm; sourceTree = SOURCE_ROOT; };
		A9BAD9FD373D42DA9037CA3F /* juce_audio_utils */ /* juce_audio_utils */ = {isa = PBXFileReference; lastKnownFileType = folder; name = juce_audio_utils; path = /Applications/JUCE/modules/juce_audio_utils; sourceTree = "<absolute>"; };
		AC0DD09298290F740CC4DBEE /* WebKit.framework */ /* WebKit.framework */ = {isa = PBXFileReference; lastKnownFileType = wrapper.framework; name = WebKit.framework; path = System/Library/Frameworks/WebKit.framework; sourceTree = SDKROOT; };
		AD7391B87C2DADCF56233C0A /* include_juce_audio_plugin_client_ARA.cpp */ /* include_juce_audio_plugin_client_ARA.cpp */ = {isa = PBXFileReference; lastKnownFileType = sourcecode.cpp.cpp; name = include_juce_audio_plugin_client_ARA.cpp; path = ../../JuceLibraryCode/include_juce_audio_plugin_client_ARA.cpp; sourceTree = SOURCE_ROOT; };
		ADDF1583BA986879B436069D /* juce_audio_devices */ /* juce_audio_devices */ = {isa = PBXFileReference; lastKnownFileType = folder; name = juce_audio_devices; path = /Applications/JUCE/modules/juce_audio_devices; sourceTree = "<absolute>"; };
		B38DD5197E5A97FA7E73EB2F /* include_juce_dsp.mm */ /* include_juce_dsp.mm */ = {isa = PBXFileReference; lastKnownFileType = sourcecode.cpp.objcpp; name = include_juce_dsp.mm; path = ../../JuceLibraryCode/include_juce_dsp.mm; sourceTree = SOURCE_ROOT; };
		B5E7D4E1982C34F13DCB2DCD /* include_juce_data_structures.mm */ /* include_juce_data_structures.mm */ = {isa = PBXFileReference; lastKnownFileType = sourcecode.cpp.objcpp; name = include_juce_data_structures.mm; path = ../../JuceLibraryCode/include_juce_data_structures.mm; sourceTree = SOURCE_ROOT; };
		B64F0B588449F8D36495740B /* juce_gui_extra */ /* juce_gui_extra */ = {isa = PBXFileReference; lastKnownFileType = folder; name = juce_gui_extra; path = /Applications/JUCE/modules/juce_gui_extra; sourceTree = "<absolute>"; };
		B670038D7A4844CC732B50CB /* Cocoa.framework */ /* Cocoa.framework */ = {isa = PBXFileReference; lastKnownFileType = wrapper.framework; name = Cocoa.framework; path = System/Library/Frameworks/Cocoa.framework; sourceTree = SDKROOT; };
		B7B8C0FC6E48F0F7E0E4E170 /* AudioToolbox.framework */ /* AudioToolbox.framework */ = {isa = PBXFileReference; lastKnownFileType = wrapper.framework; name = AudioToolbox.framework; path = System/Library/Frameworks/AudioToolbox.framework; sourceTree = SDKROOT; };
		CB1802D7E06FE68D05CD24BC /* include_juce_graphics.mm */ /* include_juce_graphics.mm */ = {isa = PBXFileReference; lastKnownFileType = sourcecode.cpp.objcpp; name = include_juce_graphics.mm; path = ../../JuceLibraryCode/include_juce_graphics.mm; sourceTree = SOURCE_ROOT; };
		CD47675B77911CE032CDBE7C /* PluginProcessor.h */ /* PluginProcessor.h */ = {isa = PBXFileReference; lastKnownFileType = sourcecode.c.h; name = PluginProcessor.h; path = ../../Source/PluginProcessor.h; sourceTree = SOURCE_ROOT; };
		D1BE777868386A882406E499 /* JucePluginDefines.h */ /* JucePluginDefines.h */ = {isa = PBXFileReference; lastKnownFileType = sourcecode.c.h; name = JucePluginDefines.h; path = ../../JuceLibraryCode/JucePluginDefines.h; sourceTree = SOURCE_ROOT; };
		D2B44618C973438280A57D39 /* include_juce_audio_processors.mm */ /* include_juce_audio_processors.mm */ = {isa = PBXFileReference; lastKnownFileType = sourcecode.cpp.objcpp; name = include_juce_audio_processors.mm; path = ../../JuceLibraryCode/include_juce_audio_processors.mm; sourceTree = SOURCE_ROOT; };
		D4935E8BAC243447955FE436 /* MetalKit.framework */ /* MetalKit.framework */ = {isa = PBXFileReference; lastKnownFileType = wrapper.framework; name = MetalKit.framework; path = System/Library/Frameworks/MetalKit.framework; sourceTree = SDKROOT; };
		D56D582CA7C9D5B3F4C77EDD /* DiscRecording.framework */ /* DiscRecording.framework */ = {isa = PBXFileReference; lastKnownFileType = wrapper.framework; name = DiscRecording.framework; path = System/Library/Frameworks/DiscRecording.framework; sourceTree = SDKROOT; };
		D735F8F085D5C19E96F7DD30 /* include_juce_audio_formats.mm */ /* include_juce_audio_formats.mm */ = {isa = PBXFileReference; lastKnownFileType = sourcecode.cpp.objcpp; name = include_juce_audio_formats.mm; path = ../../JuceLibraryCode/include_juce_audio_formats.mm; sourceTree = SOURCE_ROOT; };
		D78812D2D19BFB4DA291D2D5 /* include_juce_audio_devices.mm */ /* include_juce_audio_devices.mm */ = {isa = PBXFileReference; lastKnownFileType = sourcecode.cpp.objcpp; name = include_juce_audio_devices.mm; path = ../../JuceLibraryCode/include_juce_audio_devices.mm; sourceTree = SOURCE_ROOT; };
		DED47AC0983DE515445C7E4B /* juce_VST3ManifestHelper.mm */ /* juce_VST3ManifestHelper.mm */ = {isa = PBXFileReference; lastKnownFileType = sourcecode.cpp.objcpp; name = juce_VST3ManifestHelper.mm; path = /Applications/JUCE/modules/juce_audio_plugin_client/VST3/juce_VST3ManifestHelper.mm; sourceTree = "<absolute>"; };
		E02D218D3297EE1588ED1AC0 /* Standalone Plugin */ = {isa = PBXFileReference; explicitFileType = wrapper.application; includeInIndex = 0; path = hw5.app; sourceTree = BUILT_PRODUCTS_DIR; };
		E2C034F684A89D36E532EACD /* include_juce_events.mm */ /* include_juce_events.mm */ = {isa = PBXFileReference; lastKnownFileType = sourcecode.cpp.objcpp; name = include_juce_events.mm; path = ../../JuceLibraryCode/include_juce_events.mm; sourceTree = SOURCE_ROOT; };
		EA683FC379184BC0DC48382C /* AudioUnit.framework */ /* AudioUnit.framework */ = {isa = PBXFileReference; lastKnownFileType = wrapper.framework; name = AudioUnit.framework; path = System/Library/Frameworks/AudioUnit.framework; sourceTree = SDKROOT; };
		EB9B4E847C6E09EDB74C933D /* Shared Code */ = {isa = PBXFileReference; explicitFileType = archive.ar; includeInIndex = 0; path = libhw5.a; sourceTree = BUILT_PRODUCTS_DIR; };
		EF9C646F7CB475C013E55FE4 /* IOKit.framework */ /* IOKit.framework */ = {isa = PBXFileReference; lastKnownFileType = wrapper.framework; name = IOKit.framework; path = System/Library/Frameworks/IOKit.framework; sourceTree = SDKROOT; };
		F0A902B0B3D25DD5A2AF604F /* juce_gui_basics */ /* juce_gui_basics */ = {isa = PBXFileReference; lastKnownFileType = folder; name = juce_gui_basics; path = /Applications/JUCE/modules/juce_gui_basics; sourceTree = "<absolute>"; };
		F1AC08ECEAB9A3FE94704F40 /* QuartzCore.framework */ /* QuartzCore.framework */ = {isa = PBXFileReference; lastKnownFileType = wrapper.framework; name = QuartzCore.framework; path = System/Library/Frameworks/QuartzCore.framework; sourceTree = SDKROOT; };
		F8D2D173517418AF9499A890 /* Info-VST3_Manifest_Helper.plist */ /* Info-VST3_Manifest_Helper.plist */ = {isa = PBXFileReference; lastKnownFileType = text.plist.xml; name = "Info-VST3_Manifest_Helper.plist"; path = "Info-VST3_Manifest_Helper.plist"; sourceTree = SOURCE_ROOT; };
/* End PBXFileReference section */

/* Begin PBXFrameworksBuildPhase section */
		063CDB2F7CA3F161E5B0C8BB = {
			isa = PBXFrameworksBuildPhase;
			buildActionMask = 2147483647;
			files = (
				E9B2259CC3489A4C4164AC9F,
				F5DD11F114F6DA367B91F7A6,
				B852FA2F222609B0DF151195,
				11CFA0FFDB889A9307C710ED,
				4966095C6FED3C11CEA82437,
				DA903C334A17B08D6DB0048A,
				497063C4CCBD5A4687EFABCD,
				2CAD820F65E48236A66C69B3,
				FD3559C4DF76353ABFE61786,
				E7A72729C8E75A15D39F6EF2,
				0762E67A8F740FB8BF8BBC6E,
				B3D6349F7EAB7AE667A37A24,
				6C6B9B0EBF1C79A2FF0AEECF,
				B538790CEA55E6E0DBD482DA,
			);
			runOnlyForDeploymentPostprocessing = 0;
		};
		27C62F5FD318A3002845DCCF = {
			isa = PBXFrameworksBuildPhase;
			buildActionMask = 2147483647;
			files = (
				BC022B799EC4F3693A5FA4B5,
				E9B2259CC3489A4C4164AC9F,
				F5DD11F114F6DA367B91F7A6,
				B852FA2F222609B0DF151195,
				11CFA0FFDB889A9307C710ED,
				4966095C6FED3C11CEA82437,
				DA903C334A17B08D6DB0048A,
				497063C4CCBD5A4687EFABCD,
				2CAD820F65E48236A66C69B3,
				FD3559C4DF76353ABFE61786,
				E7A72729C8E75A15D39F6EF2,
				0762E67A8F740FB8BF8BBC6E,
				B3D6349F7EAB7AE667A37A24,
				6C6B9B0EBF1C79A2FF0AEECF,
				B538790CEA55E6E0DBD482DA,
			);
			runOnlyForDeploymentPostprocessing = 0;
		};
		C13EDAD27D2E2DD6F30AD89E = {
			isa = PBXFrameworksBuildPhase;
			buildActionMask = 2147483647;
			files = (
				E9B2259CC3489A4C4164AC9F,
				F5DD11F114F6DA367B91F7A6,
				B852FA2F222609B0DF151195,
				11CFA0FFDB889A9307C710ED,
				4966095C6FED3C11CEA82437,
				DA903C334A17B08D6DB0048A,
				497063C4CCBD5A4687EFABCD,
				2CAD820F65E48236A66C69B3,
				FD3559C4DF76353ABFE61786,
				E7A72729C8E75A15D39F6EF2,
				0762E67A8F740FB8BF8BBC6E,
				B3D6349F7EAB7AE667A37A24,
				6C6B9B0EBF1C79A2FF0AEECF,
				B538790CEA55E6E0DBD482DA,
			);
			runOnlyForDeploymentPostprocessing = 0;
		};
		FEED36DEFB4E78272744F98D = {
			isa = PBXFrameworksBuildPhase;
			buildActionMask = 2147483647;
			files = (
				E9B2259CC3489A4C4164AC9F,
				F5DD11F114F6DA367B91F7A6,
				B852FA2F222609B0DF151195,
				11CFA0FFDB889A9307C710ED,
				4966095C6FED3C11CEA82437,
				DA903C334A17B08D6DB0048A,
				497063C4CCBD5A4687EFABCD,
				2CAD820F65E48236A66C69B3,
				FD3559C4DF76353ABFE61786,
				E7A72729C8E75A15D39F6EF2,
				0762E67A8F740FB8BF8BBC6E,
				B3D6349F7EAB7AE667A37A24,
				6C6B9B0EBF1C79A2FF0AEECF,
				B538790CEA55E6E0DBD482DA,
			);
			runOnlyForDeploymentPostprocessing = 0;
		};
/* End PBXFrameworksBuildPhase section */

/* Begin PBXGroup section */
		0CBE16BEA06B47D62FC0949A /* Source */ = {
			isa = PBXGroup;
			children = (
				47CDBBD3C612F0842C802F86,
				CD47675B77911CE032CDBE7C,
				5FD07662F4A8E3D3FEEE760D,
				26C251397D0DB7F9C4390FDF,
			);
			name = Source;
			sourceTree = "<group>";
		};
		35DDA81CE3794FDAFA01EDA8 /* JUCE Modules */ = {
			isa = PBXGroup;
			children = (
				07296C45B359DAC05347031A,
				ADDF1583BA986879B436069D,
				45871F7E3DA446E4CC31F2F9,
				67E753B0648AE7855EF7B961,
				67FBFB6F88395FA6ED7FE03A,
				A9BAD9FD373D42DA9037CA3F,
				8FF707E23E2320568A25BBED,
				551708EF6D75D4A757E46466,
				28C2154EA3FE6DBCE07A9895,
				0BAEB518642F1B67FFF20E25,
				6BF0AC96F0ED7DD177B9C988,
				F0A902B0B3D25DD5A2AF604F,
				B64F0B588449F8D36495740B,
			);
			name = "JUCE Modules";
			sourceTree = "<group>";
		};
		581C6249BAF3BB3A2CF76F16 /* Resources */ = {
			isa = PBXGroup;
			children = (
				67C4E41CD859CA74E6CD02FC,
				6D515A1C1521AA933FA26CFB,
				52EE9E6CF902A1C331A2929B,
				F8D2D173517418AF9499A890,
				83EDEA58D87321F4597AD991,
			);
			name = Resources;
			sourceTree = "<group>";
		};
		72715010568F98523D98B81D /* JUCE Library Code */ = {
			isa = PBXGroup;
			children = (
				7A5C6C3D9E1874D90ACAF858,
				D78812D2D19BFB4DA291D2D5,
				D735F8F085D5C19E96F7DD30,
				AD7391B87C2DADCF56233C0A,
				62797ACEBD490F860252AC7C,
				239A20A1412BE8F52CA1A88A,
				1B12A91425823FEAA6F8393E,
				40F3C798F3C9E5B93D41C9CC,
				D2B44618C973438280A57D39,
				65BE452D0C9DBBB730D38EF8,
				13C2804026FFF5C1037191C6,
				5EA19DFD9902C74DA4BDC784,
				A775C957BAF250CFCCB030A5,
				107F5A49DA72E0CD0F40FE82,
				B5E7D4E1982C34F13DCB2DCD,
				B38DD5197E5A97FA7E73EB2F,
				E2C034F684A89D36E532EACD,
				CB1802D7E06FE68D05CD24BC,
				49020677EEE2D37AB31EC384,
				64673F91E056BDA94FB07C39,
				19A92E67EF281596D73EA1F7,
				1712A025082C6D4870EC5DF5,
				76E70A9FFAECC47973FB2593,
				D1BE777868386A882406E499,
			);
			name = "JUCE Library Code";
			sourceTree = "<group>";
		};
		BD3249BECF13E2F0E4F91B5C /* Source */ = {
			isa = PBXGroup;
			children = (
				CB6649BA92E9DA73FA553BE0,
				35DDA81CE3794FDAFA01EDA8,
				72715010568F98523D98B81D,
				581C6249BAF3BB3A2CF76F16,
				FBE95ADBB72CE1469A22E8EC,
				EF9EB2F831351D4CE59FEFF2,
			);
			name = Source;
			sourceTree = "<group>";
		};
		CB6649BA92E9DA73FA553BE0 /* hw5 */ = {
			isa = PBXGroup;
			children = (
				0CBE16BEA06B47D62FC0949A,
			);
			name = hw5;
			sourceTree = "<group>";
		};
		EF9EB2F831351D4CE59FEFF2 /* Products */ = {
			isa = PBXGroup;
			children = (
				0D5FFF794150629A50346EB5,
				250984B4E813D4024E4B871D,
				E02D218D3297EE1588ED1AC0,
				EB9B4E847C6E09EDB74C933D,
				11D36BFF2F682787BB69A025,
			);
			name = Products;
			sourceTree = "<group>";
		};
		FBE95ADBB72CE1469A22E8EC /* Frameworks */ = {
			isa = PBXGroup;
			children = (
				EA683FC379184BC0DC48382C,
				33A7590EC08026A71D369D91,
				B7B8C0FC6E48F0F7E0E4E170,
				B670038D7A4844CC732B50CB,
				6856F17424ED065E2DC2EB71,
				7764D6DD2EE2C8A25BCCD02A,
				8C86996EE58A0FD3A1F4F7AB,
				D56D582CA7C9D5B3F4C77EDD,
				6F1512BB7B95291E027B1059,
				EF9C646F7CB475C013E55FE4,
				F1AC08ECEAB9A3FE94704F40,
				12309932DEAC4CB364C16585,
				AC0DD09298290F740CC4DBEE,
				04AE0C023EBC16B8694561BE,
				D4935E8BAC243447955FE436,
			);
			name = Frameworks;
			sourceTree = "<group>";
		};
/* End PBXGroup section */

/* Begin PBXNativeTarget section */
		272BA3F9E998541BEAB93289 /* hw5 - Shared Code */ = {
			isa = PBXNativeTarget;
			buildConfigurationList = CA7C9E796C3E29665FB3484A;
			buildPhases = (
				6DA0E05EE728EE98024FA01D,
			);
			buildRules = (
			);
			dependencies = (
			);
			name = "hw5 - Shared Code";
			productName = hw5;
			productReference = EB9B4E847C6E09EDB74C933D;
			productType = "com.apple.product-type.library.static";
		};
		29CFF3EA3413111F725D0356 /* hw5 - VST3 */ = {
			isa = PBXNativeTarget;
			buildConfigurationList = 1F549B49E75235D0E2F3E032;
			buildPhases = (
				CF701303DAA196D1A3887407,
				023571860647399FF4D82190,
				FEED36DEFB4E78272744F98D,
				108DFAAC52671148B289FF59,
				FD636E9C81F2DCC231B9E024,
			);
			buildRules = (
			);
			dependencies = (
				6FBDDAA3E048F6BCE49F1C88,
				A9434A08CEE9DC2884A055C6,
			);
			name = "hw5 - VST3";
			productName = hw5;
			productReference = 0D5FFF794150629A50346EB5;
			productType = "com.apple.product-type.bundle";
		};
		60F102407C17361F18739423 /* hw5 - VST3 Manifest Helper */ = {
			isa = PBXNativeTarget;
			buildConfigurationList = F03A7313B0A3CB3B1FE80E5F;
			buildPhases = (
				80021584373FB92F7495D6C6,
				C13EDAD27D2E2DD6F30AD89E,
			);
			buildRules = (
			);
			dependencies = (
			);
			name = "hw5 - VST3 Manifest Helper";
			productName = hw5;
			productReference = 11D36BFF2F682787BB69A025;
			productType = "com.apple.product-type.tool";
		};
		BAA95996DA695047C045F1B1 /* hw5 - AU */ = {
			isa = PBXNativeTarget;
			buildConfigurationList = B2711A39D8D5027FE8F20D68;
			buildPhases = (
				D5AE420C8F3765728B5B8026,
				48D3A1C90C3F60975F03D841,
				27C62F5FD318A3002845DCCF,
				47ECD005488AF86C79CDEDCA,
			);
			buildRules = (
			);
			dependencies = (
				C3E05B33015E7B0E31BC5BC5,
			);
			name = "hw5 - AU";
			productName = hw5;
			productReference = 250984B4E813D4024E4B871D;
			productType = "com.apple.product-type.bundle";
		};
		BC6A6A24304F082DCDB62DD0 /* hw5 - Standalone Plugin */ = {
			isa = PBXNativeTarget;
			buildConfigurationList = FB7E639F019CD3926895CDEA;
			buildPhases = (
				C8AA916ED3FC409EFC48915B,
				997A41ED2880E84F6CBBFFB6,
				063CDB2F7CA3F161E5B0C8BB,
			);
			buildRules = (
			);
			dependencies = (
				014ED6AA03C23D7F87637B34,
			);
			name = "hw5 - Standalone Plugin";
			productName = hw5;
			productReference = E02D218D3297EE1588ED1AC0;
			productType = "com.apple.product-type.application";
		};
/* End PBXNativeTarget section */

/* Begin PBXProject section */
		52779C1470FFBD7FE81D5956 = {
			isa = PBXProject;
			attributes = {
				BuildIndependentTargetsInParallel = YES;
				LastUpgradeCheck = 1340;
				ORGANIZATIONNAME = "";
				TargetAttributes = {
					272BA3F9E998541BEAB93289 = {
						SystemCapabilities = {
							com.apple.ApplicationGroups.iOS = {
								enabled = 0;
							};
							com.apple.HardenedRuntime = {
								enabled = 0;
							};
							com.apple.InAppPurchase = {
								enabled = 0;
							};
							com.apple.InterAppAudio = {
								enabled = 0;
							};
							com.apple.Push = {
								enabled = 0;
							};
							com.apple.Sandbox = {
								enabled = 0;
							};
						};
					};
					29CFF3EA3413111F725D0356 = {
						SystemCapabilities = {
							com.apple.ApplicationGroups.iOS = {
								enabled = 0;
							};
							com.apple.HardenedRuntime = {
								enabled = 0;
							};
							com.apple.InAppPurchase = {
								enabled = 0;
							};
							com.apple.InterAppAudio = {
								enabled = 0;
							};
							com.apple.Push = {
								enabled = 0;
							};
							com.apple.Sandbox = {
								enabled = 0;
							};
						};
					};
					5814F808B0AF3D115EFED64A = {
						SystemCapabilities = {
							com.apple.ApplicationGroups.iOS = {
								enabled = 0;
							};
							com.apple.HardenedRuntime = {
								enabled = 0;
							};
							com.apple.InAppPurchase = {
								enabled = 0;
							};
							com.apple.InterAppAudio = {
								enabled = 0;
							};
							com.apple.Push = {
								enabled = 0;
							};
							com.apple.Sandbox = {
								enabled = 0;
							};
						};
					};
					60F102407C17361F18739423 = {
						SystemCapabilities = {
							com.apple.ApplicationGroups.iOS = {
								enabled = 0;
							};
							com.apple.HardenedRuntime = {
								enabled = 0;
							};
							com.apple.InAppPurchase = {
								enabled = 0;
							};
							com.apple.InterAppAudio = {
								enabled = 0;
							};
							com.apple.Push = {
								enabled = 0;
							};
							com.apple.Sandbox = {
								enabled = 0;
							};
						};
					};
					BAA95996DA695047C045F1B1 = {
						SystemCapabilities = {
							com.apple.ApplicationGroups.iOS = {
								enabled = 0;
							};
							com.apple.HardenedRuntime = {
								enabled = 0;
							};
							com.apple.InAppPurchase = {
								enabled = 0;
							};
							com.apple.InterAppAudio = {
								enabled = 0;
							};
							com.apple.Push = {
								enabled = 0;
							};
							com.apple.Sandbox = {
								enabled = 0;
							};
						};
					};
					BC6A6A24304F082DCDB62DD0 = {
						SystemCapabilities = {
							com.apple.ApplicationGroups.iOS = {
								enabled = 0;
							};
							com.apple.HardenedRuntime = {
								enabled = 0;
							};
							com.apple.InAppPurchase = {
								enabled = 0;
							};
							com.apple.InterAppAudio = {
								enabled = 0;
							};
							com.apple.Push = {
								enabled = 0;
							};
							com.apple.Sandbox = {
								enabled = 0;
							};
						};
					};
				};
			};
			buildConfigurationList = FE1AD48C36EA0F71A7C9F2BE;
			compatibilityVersion = "Xcode 3.2";
			hasScannedForEncodings = 0;
			knownRegions = (
				en,
				Base,
			);
			mainGroup = BD3249BECF13E2F0E4F91B5C;
			projectDirPath = "";
			projectRoot = "";
			targets = (
				5814F808B0AF3D115EFED64A,
				29CFF3EA3413111F725D0356,
				BAA95996DA695047C045F1B1,
				BC6A6A24304F082DCDB62DD0,
				272BA3F9E998541BEAB93289,
				60F102407C17361F18739423,
			);
		};
/* End PBXProject section */

/* Begin PBXResourcesBuildPhase section */
		C8AA916ED3FC409EFC48915B = {
			isa = PBXResourcesBuildPhase;
			buildActionMask = 2147483647;
			files = (
				5050C5BA212A4601B254772B,
			);
			runOnlyForDeploymentPostprocessing = 0;
		};
		CF701303DAA196D1A3887407 = {
			isa = PBXResourcesBuildPhase;
			buildActionMask = 2147483647;
			files = (
				5050C5BA212A4601B254772B,
			);
			runOnlyForDeploymentPostprocessing = 0;
		};
		D5AE420C8F3765728B5B8026 = {
			isa = PBXResourcesBuildPhase;
			buildActionMask = 2147483647;
			files = (
				5050C5BA212A4601B254772B,
			);
			runOnlyForDeploymentPostprocessing = 0;
		};
/* End PBXResourcesBuildPhase section */

/* Begin PBXShellScriptBuildPhase section */
		108DFAAC52671148B289FF59 /* Update manifest */ = {
			isa = PBXShellScriptBuildPhase;
			buildActionMask = 2147483647;
			files = (
			);
			runOnlyForDeploymentPostprocessing = 0;
			name = "Update manifest";
			alwaysOutOfDate = 1;
			shellPath = /bin/sh;
			shellScript = "set -euo pipefail\n\necho Running codesign --verbose=4 --force --sign - \\\"${CONFIGURATION_BUILD_DIR}/${FULL_PRODUCT_NAME}\\\"\ncodesign --verbose=4 --force --sign - \"${CONFIGURATION_BUILD_DIR}/${FULL_PRODUCT_NAME}\"\n\necho Running \\\"${CONFIGURATION_BUILD_DIR}/juce_vst3_helper\\\" -create -version \\\"1.0.0\\\" -path \\\"${CONFIGURATION_BUILD_DIR}/${FULL_PRODUCT_NAME}\\\" -output \\\"${CONFIGURATION_BUILD_DIR}/${FULL_PRODUCT_NAME}/Contents/Resources/moduleinfo.json\\\"\n\"${CONFIGURATION_BUILD_DIR}/juce_vst3_helper\" -create -version \"1.0.0\" -path \"${CONFIGURATION_BUILD_DIR}/${FULL_PRODUCT_NAME}\" -output \"${CONFIGURATION_BUILD_DIR}/${FULL_PRODUCT_NAME}/Contents/Resources/moduleinfo.json\"\n";
		};
		47ECD005488AF86C79CDEDCA /* Plugin Copy Step */ = {
			isa = PBXShellScriptBuildPhase;
			buildActionMask = 2147483647;
			files = (
			);
			runOnlyForDeploymentPostprocessing = 0;
			name = "Plugin Copy Step";
			alwaysOutOfDate = 1;
			shellPath = /bin/sh;
			shellScript = "set -euo pipefail\n\nif [[ \"${CONFIGURATION}\" == \"Debug\" ]]; then\n  destinationPlugin=\"${HOME}/Library/Audio/Plug-Ins/Components//$(basename \"${TARGET_BUILD_DIR}/${FULL_PRODUCT_NAME}\")\"\n  echo Running rm -rf \\\"${destinationPlugin}\\\"\n  rm -rf \"${destinationPlugin}\"\n  echo Running ditto \\\"${TARGET_BUILD_DIR}/${FULL_PRODUCT_NAME}\\\" \\\"${destinationPlugin}\\\"\n  ditto \"${TARGET_BUILD_DIR}/${FULL_PRODUCT_NAME}\" \"${destinationPlugin}\"\n\n  if [[ -n \"${EXPANDED_CODE_SIGN_IDENTITY-}\" ]]; then\n    if [[ -n \"${CODE_SIGN_ENTITLEMENTS-}\" ]]; then\n      entitlementsArg=(--entitlements \"${CODE_SIGN_ENTITLEMENTS}\")\n    fi\n\n    echo Signing Identity: \\\"${EXPANDED_CODE_SIGN_IDENTITY_NAME}\\\"\n    echo Running codesign --verbose=4 --force --sign \\\"${EXPANDED_CODE_SIGN_IDENTITY}\\\" ${entitlementsArg[*]-} ${OTHER_CODE_SIGN_FLAGS-} \\\"${HOME}/Library/Audio/Plug-Ins/Components//${FULL_PRODUCT_NAME}\\\"\n    codesign --verbose=4 --force --sign \"${EXPANDED_CODE_SIGN_IDENTITY}\" ${entitlementsArg[*]-} ${OTHER_CODE_SIGN_FLAGS-} \"${HOME}/Library/Audio/Plug-Ins/Components//${FULL_PRODUCT_NAME}\"\n  fi\nfi\n\nif [[ \"${CONFIGURATION}\" == \"Release\" ]]; then\n  destinationPlugin=\"${HOME}/Library/Audio/Plug-Ins/Components//$(basename \"${TARGET_BUILD_DIR}/${FULL_PRODUCT_NAME}\")\"\n  echo Running rm -rf \\\"${destinationPlugin}\\\"\n  rm -rf \"${destinationPlugin}\"\n  echo Running ditto \\\"${TARGET_BUILD_DIR}/${FULL_PRODUCT_NAME}\\\" \\\"${destinationPlugin}\\\"\n  ditto \"${TARGET_BUILD_DIR}/${FULL_PRODUCT_NAME}\" \"${destinationPlugin}\"\n\n  if [[ -n \"${EXPANDED_CODE_SIGN_IDENTITY-}\" ]]; then\n    if [[ -n \"${CODE_SIGN_ENTITLEMENTS-}\" ]]; then\n      entitlementsArg=(--entitlements \"${CODE_SIGN_ENTITLEMENTS}\")\n    fi\n\n    echo Signing Identity: \\\"${EXPANDED_CODE_SIGN_IDENTITY_NAME}\\\"\n    echo Running codesign --verbose=4 --force --sign \\\"${EXPANDED_CODE_SIGN_IDENTITY}\\\" ${entitlementsArg[*]-} ${OTHER_CODE_SIGN_FLAGS-} \\\"${HOME}/Library/Audio/Plug-Ins/Components//${FULL_PRODUCT_NAME}\\\"\n    codesign --verbose=4 --force --sign \"${EXPANDED_CODE_SIGN_IDENTITY}\" ${entitlementsArg[*]-} ${OTHER_CODE_SIGN_FLAGS-} \"${HOME}/Library/Audio/Plug-Ins/Components//${FULL_PRODUCT_NAME}\"\n  fi\nfi\n";
		};
		FD636E9C81F2DCC231B9E024 /* Plugin Copy Step */ = {
			isa = PBXShellScriptBuildPhase;
			buildActionMask = 2147483647;
			files = (
			);
			runOnlyForDeploymentPostprocessing = 0;
			name = "Plugin Copy Step";
			alwaysOutOfDate = 1;
			shellPath = /bin/sh;
			shellScript = "set -euo pipefail\n\nif [[ \"${CONFIGURATION}\" == \"Debug\" ]]; then\n  destinationPlugin=\"${HOME}/Library/Audio/Plug-Ins/VST3//$(basename \"${TARGET_BUILD_DIR}/${FULL_PRODUCT_NAME}\")\"\n  echo Running rm -rf \\\"${destinationPlugin}\\\"\n  rm -rf \"${destinationPlugin}\"\n  echo Running ditto \\\"${TARGET_BUILD_DIR}/${FULL_PRODUCT_NAME}\\\" \\\"${destinationPlugin}\\\"\n  ditto \"${TARGET_BUILD_DIR}/${FULL_PRODUCT_NAME}\" \"${destinationPlugin}\"\n\n  if [[ -n \"${EXPANDED_CODE_SIGN_IDENTITY-}\" ]]; then\n    if [[ -n \"${CODE_SIGN_ENTITLEMENTS-}\" ]]; then\n      entitlementsArg=(--entitlements \"${CODE_SIGN_ENTITLEMENTS}\")\n    fi\n\n    echo Signing Identity: \\\"${EXPANDED_CODE_SIGN_IDENTITY_NAME}\\\"\n    echo Running codesign --verbose=4 --force --sign \\\"${EXPANDED_CODE_SIGN_IDENTITY}\\\" ${entitlementsArg[*]-} ${OTHER_CODE_SIGN_FLAGS-} \\\"${HOME}/Library/Audio/Plug-Ins/VST3//${FULL_PRODUCT_NAME}\\\"\n    codesign --verbose=4 --force --sign \"${EXPANDED_CODE_SIGN_IDENTITY}\" ${entitlementsArg[*]-} ${OTHER_CODE_SIGN_FLAGS-} \"${HOME}/Library/Audio/Plug-Ins/VST3//${FULL_PRODUCT_NAME}\"\n  fi\nfi\n\nif [[ \"${CONFIGURATION}\" == \"Release\" ]]; then\n  destinationPlugin=\"${HOME}/Library/Audio/Plug-Ins/VST3//$(basename \"${TARGET_BUILD_DIR}/${FULL_PRODUCT_NAME}\")\"\n  echo Running rm -rf \\\"${destinationPlugin}\\\"\n  rm -rf \"${destinationPlugin}\"\n  echo Running ditto \\\"${TARGET_BUILD_DIR}/${FULL_PRODUCT_NAME}\\\" \\\"${destinationPlugin}\\\"\n  ditto \"${TARGET_BUILD_DIR}/${FULL_PRODUCT_NAME}\" \"${destinationPlugin}\"\n\n  if [[ -n \"${EXPANDED_CODE_SIGN_IDENTITY-}\" ]]; then\n    if [[ -n \"${CODE_SIGN_ENTITLEMENTS-}\" ]]; then\n      entitlementsArg=(--entitlements \"${CODE_SIGN_ENTITLEMENTS}\")\n    fi\n\n    echo Signing Identity: \\\"${EXPANDED_CODE_SIGN_IDENTITY_NAME}\\\"\n    echo Running codesign --verbose=4 --force --sign \\\"${EXPANDED_CODE_SIGN_IDENTITY}\\\" ${entitlementsArg[*]-} ${OTHER_CODE_SIGN_FLAGS-} \\\"${HOME}/Library/Audio/Plug-Ins/VST3//${FULL_PRODUCT_NAME}\\\"\n    codesign --verbose=4 --force --sign \"${EXPANDED_CODE_SIGN_IDENTITY}\" ${entitlementsArg[*]-} ${OTHER_CODE_SIGN_FLAGS-} \"${HOME}/Library/Audio/Plug-Ins/VST3//${FULL_PRODUCT_NAME}\"\n  fi\nfi\n";
		};
/* End PBXShellScriptBuildPhase section */

/* Begin PBXSourcesBuildPhase section */
		023571860647399FF4D82190 = {
			isa = PBXSourcesBuildPhase;
			buildActionMask = 2147483647;
			files = (
				1F2683B9B15B84F749CCCBE2,
			);
			runOnlyForDeploymentPostprocessing = 0;
		};
		48D3A1C90C3F60975F03D841 = {
			isa = PBXSourcesBuildPhase;
			buildActionMask = 2147483647;
			files = (
				6101A774A811B252FED8F100,
				256B0EA6647CD6BB5E2A4C44,
			);
			runOnlyForDeploymentPostprocessing = 0;
		};
		6DA0E05EE728EE98024FA01D = {
			isa = PBXSourcesBuildPhase;
			buildActionMask = 2147483647;
			files = (
				4FA2C0906CF0A356106C90D1,
				EF8A1715C0BD3E343D17445C,
				6FAE9F63ABFBD5C70740298F,
				79C9C17FBC9223EF7897D2D9,
				27B3FD43812282E6D8C59F81,
				1C3452B318AE120DAF01A99C,
				41B07AC48941BEA4148352FF,
				CC93BFBDAA365F868002AC6E,
				BE55869BB407DC8B377832A2,
				DFDC4B02342ADE06F0C10A1B,
				A26A852EE46B07805605C541,
				39882DA13DE396B0D6EE76B7,
				3C34317F113344D2709BD6EF,
				88EBD23E4FD86F1CB431835E,
				EA95AB6C37A79CC9346B03C9,
				87AC7AD561342339672CFBF0,
				BE58C0ADD92CFEB5EC6D2E66,
				079139B3B28AEF0F64C1D719,
				C52A90371CE8FC5A92AA3948,
				E58A8D7EB559C94389B249FC,
			);
			runOnlyForDeploymentPostprocessing = 0;
		};
		80021584373FB92F7495D6C6 = {
			isa = PBXSourcesBuildPhase;
			buildActionMask = 2147483647;
			files = (
				297F2587FB6D25D7AA8C2CB0,
			);
			runOnlyForDeploymentPostprocessing = 0;
		};
		997A41ED2880E84F6CBBFFB6 = {
			isa = PBXSourcesBuildPhase;
			buildActionMask = 2147483647;
			files = (
				90ADC796BE39043AD06CC68B,
			);
			runOnlyForDeploymentPostprocessing = 0;
		};
/* End PBXSourcesBuildPhase section */

/* Begin PBXTargetDependency section */
		014ED6AA03C23D7F87637B34 = {
			isa = PBXTargetDependency;
			target = 272BA3F9E998541BEAB93289;
		};
		4849628829314702D89A1B2B = {
			isa = PBXTargetDependency;
			target = 29CFF3EA3413111F725D0356;
		};
		5037F015EBC102AD4A610A84 = {
			isa = PBXTargetDependency;
			target = BC6A6A24304F082DCDB62DD0;
		};
		6FBDDAA3E048F6BCE49F1C88 = {
			isa = PBXTargetDependency;
			target = 272BA3F9E998541BEAB93289;
		};
		A3A6FEDF6ADC716BEEC412CA = {
			isa = PBXTargetDependency;
			target = 60F102407C17361F18739423;
		};
		A9434A08CEE9DC2884A055C6 = {
			isa = PBXTargetDependency;
			target = 60F102407C17361F18739423;
		};
		C3E05B33015E7B0E31BC5BC5 = {
			isa = PBXTargetDependency;
			target = 272BA3F9E998541BEAB93289;
		};
		EBD7A30CA1DFCFE2B3665380 = {
			isa = PBXTargetDependency;
			target = BAA95996DA695047C045F1B1;
		};
		F7844ED00519D95F1ADF6D09 = {
			isa = PBXTargetDependency;
			target = 272BA3F9E998541BEAB93289;
		};
/* End PBXTargetDependency section */

/* Begin XCBuildConfiguration section */
		12B53A111A4BE111DB2D14E5 /* Release */ = {
			isa = XCBuildConfiguration;
			buildSettings = {
				ALWAYS_SEARCH_USER_PATHS = NO;
				CLANG_ENABLE_OBJC_WEAK = YES;
				CLANG_WARN_BLOCK_CAPTURE_AUTORELEASING = YES;
				CLANG_WARN_BOOL_CONVERSION = YES;
				CLANG_WARN_COMMA = YES;
				CLANG_WARN_CONSTANT_CONVERSION = YES;
				CLANG_WARN_DEPRECATED_OBJC_IMPLEMENTATIONS = YES;
				CLANG_WARN_EMPTY_BODY = YES;
				CLANG_WARN_ENUM_CONVERSION = YES;
				CLANG_WARN_INFINITE_RECURSION = YES;
				CLANG_WARN_INT_CONVERSION = YES;
				CLANG_WARN_NON_LITERAL_NULL_CONVERSION = YES;
				CLANG_WARN_OBJC_IMPLICIT_RETAIN_SELF = YES;
				CLANG_WARN_OBJC_LITERAL_CONVERSION = YES;
				CLANG_WARN_RANGE_LOOP_ANALYSIS = YES;
				CLANG_WARN_STRICT_PROTOTYPES = YES;
				CLANG_WARN_SUSPICIOUS_MOVE = YES;
				CLANG_WARN_UNREACHABLE_CODE = YES;
				CLANG_WARN__DUPLICATE_METHOD_MATCH = YES;
				DEBUG_INFORMATION_FORMAT = dwarf;
				ENABLE_STRICT_OBJC_MSGSEND = YES;
				ENABLE_TESTABILITY = NO;
				GCC_C_LANGUAGE_STANDARD = c11;
				GCC_INLINES_ARE_PRIVATE_EXTERN = YES;
				GCC_MODEL_TUNING = G5;
				GCC_NO_COMMON_BLOCKS = YES;
				GCC_SYMBOLS_PRIVATE_EXTERN = YES;
				GCC_WARN_64_TO_32_BIT_CONVERSION = YES;
				GCC_WARN_ABOUT_RETURN_TYPE = YES;
				GCC_WARN_CHECK_SWITCH_STATEMENTS = YES;
				GCC_WARN_MISSING_PARENTHESES = YES;
				GCC_WARN_NON_VIRTUAL_DESTRUCTOR = YES;
				GCC_WARN_TYPECHECK_CALLS_TO_PRINTF = YES;
				GCC_WARN_UNDECLARED_SELECTOR = YES;
				GCC_WARN_UNINITIALIZED_AUTOS = YES;
				GCC_WARN_UNUSED_FUNCTION = YES;
				GCC_WARN_UNUSED_VARIABLE = YES;
				OTHER_CODE_SIGN_FLAGS = --timestamp;
				PRODUCT_NAME = "hw5";
				SDKROOT = macosx;
				WARNING_CFLAGS = "-Wreorder";
				ZERO_LINK = NO;
			};
			name = Release;
		};
		1E62F38E814501F00D0A0C66 /* Release */ = {
			isa = XCBuildConfiguration;
			buildSettings = {
				CLANG_CXX_LANGUAGE_STANDARD = "c++17";
				CLANG_CXX_LIBRARY = "libc++";
				CLANG_LINK_OBJC_RUNTIME = NO;
				COMBINE_HIDPI_IMAGES = YES;
				CONFIGURATION_BUILD_DIR = "$(PROJECT_DIR)/build/$(CONFIGURATION)";
				DEAD_CODE_STRIPPING = YES;
				EXCLUDED_ARCHS = "";
				GCC_GENERATE_DEBUGGING_SYMBOLS = NO;
				GCC_OPTIMIZATION_LEVEL = 3;
				GCC_PREPROCESSOR_DEFINITIONS = (
					"_NDEBUG=1",
					"NDEBUG=1",
					"JUCE_PROJUCER_VERSION=0x80003",
					"JUCE_MODULE_AVAILABLE_juce_audio_basics=1",
					"JUCE_MODULE_AVAILABLE_juce_audio_devices=1",
					"JUCE_MODULE_AVAILABLE_juce_audio_formats=1",
					"JUCE_MODULE_AVAILABLE_juce_audio_plugin_client=1",
					"JUCE_MODULE_AVAILABLE_juce_audio_processors=1",
					"JUCE_MODULE_AVAILABLE_juce_audio_utils=1",
					"JUCE_MODULE_AVAILABLE_juce_core=1",
					"JUCE_MODULE_AVAILABLE_juce_data_structures=1",
					"JUCE_MODULE_AVAILABLE_juce_dsp=1",
					"JUCE_MODULE_AVAILABLE_juce_events=1",
					"JUCE_MODULE_AVAILABLE_juce_graphics=1",
					"JUCE_MODULE_AVAILABLE_juce_gui_basics=1",
					"JUCE_MODULE_AVAILABLE_juce_gui_extra=1",
					"JUCE_GLOBAL_MODULE_SETTINGS_INCLUDED=1",
					"JUCE_VST3_CAN_REPLACE_VST2=0",
					"JUCE_STRICT_REFCOUNTEDPOINTER=1",
					"JucePlugin_Build_VST=0",
					"JucePlugin_Build_VST3=1",
					"JucePlugin_Build_AU=1",
					"JucePlugin_Build_AUv3=0",
					"JucePlugin_Build_AAX=0",
					"JucePlugin_Build_Standalone=1",
					"JucePlugin_Build_Unity=0",
					"JucePlugin_Build_LV2=0",
					"JucePlugin_Enable_IAA=0",
					"JucePlugin_Enable_ARA=0",
					"JucePlugin_Name=\\\"hw5\\\"",
					"JucePlugin_Desc=\\\"hw5\\\"",
					"JucePlugin_Manufacturer=\\\"yourcompany\\\"",
					"JucePlugin_ManufacturerWebsite=\\\"www.yourcompany.com\\\"",
					"JucePlugin_ManufacturerEmail=\\\"\\\"",
					"JucePlugin_ManufacturerCode=0x4d616e75",
					"JucePlugin_PluginCode=0x54633168",
					"JucePlugin_IsSynth=0",
					"JucePlugin_WantsMidiInput=0",
					"JucePlugin_ProducesMidiOutput=0",
					"JucePlugin_IsMidiEffect=0",
					"JucePlugin_EditorRequiresKeyboardFocus=0",
					"JucePlugin_Version=1.0.0",
					"JucePlugin_VersionCode=0x10000",
					"JucePlugin_VersionString=\\\"1.0.0\\\"",
					"JucePlugin_VSTUniqueID=JucePlugin_PluginCode",
					"JucePlugin_VSTCategory=kPlugCategEffect",
					"JucePlugin_Vst3Category=\\\"Fx\\\"",
					"JucePlugin_AUMainType=\\'aufx\\'",
					"JucePlugin_AUSubType=JucePlugin_PluginCode",
					"JucePlugin_AUExportPrefix=hw5AU",
					"JucePlugin_AUExportPrefixQuoted=\\\"hw5AU\\\"",
					"JucePlugin_AUManufacturerCode=JucePlugin_ManufacturerCode",
					"JucePlugin_CFBundleIdentifier=com.yourcompany.hw5",
					"JucePlugin_AAXIdentifier=com.yourcompany.hw5",
					"JucePlugin_AAXManufacturerCode=JucePlugin_ManufacturerCode",
					"JucePlugin_AAXProductId=JucePlugin_PluginCode",
					"JucePlugin_AAXCategory=0",
					"JucePlugin_AAXDisableBypass=0",
					"JucePlugin_AAXDisableMultiMono=0",
					"JucePlugin_IAAType=0x61757278",
					"JucePlugin_IAASubType=JucePlugin_PluginCode",
					"JucePlugin_IAAName=\\\"yourcompany:\\ hw5\\\"",
					"JucePlugin_VSTNumMidiInputs=16",
					"JucePlugin_VSTNumMidiOutputs=16",
					"JucePlugin_ARAContentTypes=0",
					"JucePlugin_ARATransformationFlags=0",
					"JucePlugin_ARAFactoryID=\\\"com.yourcompany.hw5.factory\\\"",
					"JucePlugin_ARADocumentArchiveID=\\\"com.yourcompany.hw5.aradocumentarchive.1.0.0\\\"",
					"JucePlugin_ARACompatibleArchiveIDs=\\\"\\\"",
					"JUCE_STANDALONE_APPLICATION=JucePlugin_Build_Standalone",
					"JUCER_XCODE_MAC_F6D2F4CF=1",
					"JUCE_APP_VERSION=1.0.0",
					"JUCE_APP_VERSION_HEX=0x10000",
					"JUCE_SHARED_CODE=1",
				);
				GCC_VERSION = com.apple.compilers.llvm.clang.1_0;
				HEADER_SEARCH_PATHS = (
					"/Applications/JUCE/modules/juce_audio_processors/format_types/VST3_SDK",
					"$(SRCROOT)/../../JuceLibraryCode",
					"/Applications/JUCE/modules",
					"/Applications/JUCE/modules/juce_audio_plugin_client/AU",
					"$(inherited)",
				);
				INSTALL_PATH = "@executable_path/../Frameworks";
				LLVM_LTO = YES;
				MACOSX_DEPLOYMENT_TARGET = 10.13;
				MTL_HEADER_SEARCH_PATHS = "/Applications/JUCE/modules/juce_audio_processors/format_types/VST3_SDK $(SRCROOT)/../../JuceLibraryCode /Applications/JUCE/modules /Applications/JUCE/modules/juce_audio_plugin_client/AU";
				PRODUCT_BUNDLE_IDENTIFIER = com.yourcompany.hw5;
				PRODUCT_NAME = "hw5";
				SKIP_INSTALL = YES;
				USE_HEADERMAP = NO;
				VALID_ARCHS = "i386 x86_64 arm64 arm64e";
			};
			name = Release;
		};
		2A071A86A1B272D11E3A41C0 /* Debug */ = {
			isa = XCBuildConfiguration;
			buildSettings = {
				ALWAYS_SEARCH_USER_PATHS = NO;
				CLANG_ENABLE_OBJC_WEAK = YES;
				CLANG_WARN_BLOCK_CAPTURE_AUTORELEASING = YES;
				CLANG_WARN_BOOL_CONVERSION = YES;
				CLANG_WARN_COMMA = YES;
				CLANG_WARN_CONSTANT_CONVERSION = YES;
				CLANG_WARN_DEPRECATED_OBJC_IMPLEMENTATIONS = YES;
				CLANG_WARN_EMPTY_BODY = YES;
				CLANG_WARN_ENUM_CONVERSION = YES;
				CLANG_WARN_INFINITE_RECURSION = YES;
				CLANG_WARN_INT_CONVERSION = YES;
				CLANG_WARN_NON_LITERAL_NULL_CONVERSION = YES;
				CLANG_WARN_OBJC_IMPLICIT_RETAIN_SELF = YES;
				CLANG_WARN_OBJC_LITERAL_CONVERSION = YES;
				CLANG_WARN_RANGE_LOOP_ANALYSIS = YES;
				CLANG_WARN_STRICT_PROTOTYPES = YES;
				CLANG_WARN_SUSPICIOUS_MOVE = YES;
				CLANG_WARN_UNREACHABLE_CODE = YES;
				CLANG_WARN__DUPLICATE_METHOD_MATCH = YES;
				DEBUG_INFORMATION_FORMAT = dwarf;
				ENABLE_STRICT_OBJC_MSGSEND = YES;
				ENABLE_TESTABILITY = NO;
				GCC_C_LANGUAGE_STANDARD = c11;
				GCC_INLINES_ARE_PRIVATE_EXTERN = YES;
				GCC_MODEL_TUNING = G5;
				GCC_NO_COMMON_BLOCKS = YES;
				GCC_SYMBOLS_PRIVATE_EXTERN = YES;
				GCC_WARN_64_TO_32_BIT_CONVERSION = YES;
				GCC_WARN_ABOUT_RETURN_TYPE = YES;
				GCC_WARN_CHECK_SWITCH_STATEMENTS = YES;
				GCC_WARN_MISSING_PARENTHESES = YES;
				GCC_WARN_NON_VIRTUAL_DESTRUCTOR = YES;
				GCC_WARN_TYPECHECK_CALLS_TO_PRINTF = YES;
				GCC_WARN_UNDECLARED_SELECTOR = YES;
				GCC_WARN_UNINITIALIZED_AUTOS = YES;
				GCC_WARN_UNUSED_FUNCTION = YES;
				GCC_WARN_UNUSED_VARIABLE = YES;
				ONLY_ACTIVE_ARCH = YES;
				OTHER_CODE_SIGN_FLAGS = --timestamp;
				PRODUCT_NAME = "hw5";
				SDKROOT = macosx;
				WARNING_CFLAGS = "-Wreorder";
				ZERO_LINK = NO;
			};
			name = Debug;
		};
		2E80D98E481FAE9E44A54AD3 /* Debug */ = {
			isa = XCBuildConfiguration;
			buildSettings = {
				MACOSX_DEPLOYMENT_TARGET = 10.13;
				SDKROOT = macosx;
			};
			name = Debug;
		};
		352DDA5C7B6EFA8DDC424B20 /* Debug */ = {
			isa = XCBuildConfiguration;
			buildSettings = {
				CLANG_CXX_LANGUAGE_STANDARD = "c++17";
				CLANG_CXX_LIBRARY = "libc++";
				CLANG_LINK_OBJC_RUNTIME = NO;
				COMBINE_HIDPI_IMAGES = YES;
				CONFIGURATION_BUILD_DIR = "$(PROJECT_DIR)/build/$(CONFIGURATION)";
				COPY_PHASE_STRIP = NO;
				EXCLUDED_ARCHS = "";
				GCC_DYNAMIC_NO_PIC = NO;
				GCC_OPTIMIZATION_LEVEL = 0;
				GCC_PREPROCESSOR_DEFINITIONS = (
					"_DEBUG=1",
					"DEBUG=1",
					"JUCE_PROJUCER_VERSION=0x80003",
					"JUCE_MODULE_AVAILABLE_juce_audio_basics=1",
					"JUCE_MODULE_AVAILABLE_juce_audio_devices=1",
					"JUCE_MODULE_AVAILABLE_juce_audio_formats=1",
					"JUCE_MODULE_AVAILABLE_juce_audio_plugin_client=1",
					"JUCE_MODULE_AVAILABLE_juce_audio_processors=1",
					"JUCE_MODULE_AVAILABLE_juce_audio_utils=1",
					"JUCE_MODULE_AVAILABLE_juce_core=1",
					"JUCE_MODULE_AVAILABLE_juce_data_structures=1",
					"JUCE_MODULE_AVAILABLE_juce_dsp=1",
					"JUCE_MODULE_AVAILABLE_juce_events=1",
					"JUCE_MODULE_AVAILABLE_juce_graphics=1",
					"JUCE_MODULE_AVAILABLE_juce_gui_basics=1",
					"JUCE_MODULE_AVAILABLE_juce_gui_extra=1",
					"JUCE_GLOBAL_MODULE_SETTINGS_INCLUDED=1",
					"JUCE_VST3_CAN_REPLACE_VST2=0",
					"JUCE_STRICT_REFCOUNTEDPOINTER=1",
					"JucePlugin_Build_VST=0",
					"JucePlugin_Build_VST3=0",
					"JucePlugin_Build_AU=0",
					"JucePlugin_Build_AUv3=0",
					"JucePlugin_Build_AAX=0",
					"JucePlugin_Build_Standalone=0",
					"JucePlugin_Build_Unity=0",
					"JucePlugin_Build_LV2=0",
					"JucePlugin_Enable_IAA=0",
					"JucePlugin_Enable_ARA=0",
					"JucePlugin_Name=\\\"hw5\\\"",
					"JucePlugin_Desc=\\\"hw5\\\"",
					"JucePlugin_Manufacturer=\\\"yourcompany\\\"",
					"JucePlugin_ManufacturerWebsite=\\\"www.yourcompany.com\\\"",
					"JucePlugin_ManufacturerEmail=\\\"\\\"",
					"JucePlugin_ManufacturerCode=0x4d616e75",
					"JucePlugin_PluginCode=0x54633168",
					"JucePlugin_IsSynth=0",
					"JucePlugin_WantsMidiInput=0",
					"JucePlugin_ProducesMidiOutput=0",
					"JucePlugin_IsMidiEffect=0",
					"JucePlugin_EditorRequiresKeyboardFocus=0",
					"JucePlugin_Version=1.0.0",
					"JucePlugin_VersionCode=0x10000",
					"JucePlugin_VersionString=\\\"1.0.0\\\"",
					"JucePlugin_VSTUniqueID=JucePlugin_PluginCode",
					"JucePlugin_VSTCategory=kPlugCategEffect",
					"JucePlugin_Vst3Category=\\\"Fx\\\"",
					"JucePlugin_AUMainType=\\'aufx\\'",
					"JucePlugin_AUSubType=JucePlugin_PluginCode",
					"JucePlugin_AUExportPrefix=hw5AU",
					"JucePlugin_AUExportPrefixQuoted=\\\"hw5AU\\\"",
					"JucePlugin_AUManufacturerCode=JucePlugin_ManufacturerCode",
					"JucePlugin_CFBundleIdentifier=com.yourcompany.hw5",
					"JucePlugin_AAXIdentifier=com.yourcompany.hw5",
					"JucePlugin_AAXManufacturerCode=JucePlugin_ManufacturerCode",
					"JucePlugin_AAXProductId=JucePlugin_PluginCode",
					"JucePlugin_AAXCategory=0",
					"JucePlugin_AAXDisableBypass=0",
					"JucePlugin_AAXDisableMultiMono=0",
					"JucePlugin_IAAType=0x61757278",
					"JucePlugin_IAASubType=JucePlugin_PluginCode",
					"JucePlugin_IAAName=\\\"yourcompany:\\ hw5\\\"",
					"JucePlugin_VSTNumMidiInputs=16",
					"JucePlugin_VSTNumMidiOutputs=16",
					"JucePlugin_ARAContentTypes=0",
					"JucePlugin_ARATransformationFlags=0",
					"JucePlugin_ARAFactoryID=\\\"com.yourcompany.hw5.factory\\\"",
					"JucePlugin_ARADocumentArchiveID=\\\"com.yourcompany.hw5.aradocumentarchive.1.0.0\\\"",
					"JucePlugin_ARACompatibleArchiveIDs=\\\"\\\"",
					"JUCE_STANDALONE_APPLICATION=JucePlugin_Build_Standalone",
					"JUCER_XCODE_MAC_F6D2F4CF=1",
					"JUCE_APP_VERSION=1.0.0",
					"JUCE_APP_VERSION_HEX=0x10000",
				);
				GCC_VERSION = com.apple.compilers.llvm.clang.1_0;
				HEADER_SEARCH_PATHS = (
					"/Applications/JUCE/modules/juce_audio_processors/format_types/VST3_SDK",
					"$(SRCROOT)/../../JuceLibraryCode",
					"/Applications/JUCE/modules",
					"/Applications/JUCE/modules/juce_audio_plugin_client/AU",
					"$(inherited)",
				);
				INFOPLIST_FILE = Info-VST3_Manifest_Helper.plist;
				INFOPLIST_PREPROCESS = NO;
				MACOSX_DEPLOYMENT_TARGET = 10.13;
				MTL_HEADER_SEARCH_PATHS = "/Applications/JUCE/modules/juce_audio_processors/format_types/VST3_SDK $(SRCROOT)/../../JuceLibraryCode /Applications/JUCE/modules /Applications/JUCE/modules/juce_audio_plugin_client/AU";
				PRODUCT_BUNDLE_IDENTIFIER = com.yourcompany.hw5;
				PRODUCT_NAME = "juce_vst3_helper";
				USE_HEADERMAP = NO;
				VALID_ARCHS = "i386 x86_64 arm64 arm64e";
			};
			name = Debug;
		};
		35BDAC66EF64AFFF67314C03 /* Debug */ = {
			isa = XCBuildConfiguration;
			buildSettings = {
				CLANG_CXX_LANGUAGE_STANDARD = "c++17";
				CLANG_CXX_LIBRARY = "libc++";
				CLANG_LINK_OBJC_RUNTIME = NO;
				COMBINE_HIDPI_IMAGES = YES;
				CONFIGURATION_BUILD_DIR = "$(PROJECT_DIR)/build/$(CONFIGURATION)";
				COPY_PHASE_STRIP = NO;
				EXCLUDED_ARCHS = "";
				GCC_DYNAMIC_NO_PIC = NO;
				GCC_OPTIMIZATION_LEVEL = 0;
				GCC_PREPROCESSOR_DEFINITIONS = (
					"_DEBUG=1",
					"DEBUG=1",
					"JUCE_PROJUCER_VERSION=0x80003",
					"JUCE_MODULE_AVAILABLE_juce_audio_basics=1",
					"JUCE_MODULE_AVAILABLE_juce_audio_devices=1",
					"JUCE_MODULE_AVAILABLE_juce_audio_formats=1",
					"JUCE_MODULE_AVAILABLE_juce_audio_plugin_client=1",
					"JUCE_MODULE_AVAILABLE_juce_audio_processors=1",
					"JUCE_MODULE_AVAILABLE_juce_audio_utils=1",
					"JUCE_MODULE_AVAILABLE_juce_core=1",
					"JUCE_MODULE_AVAILABLE_juce_data_structures=1",
					"JUCE_MODULE_AVAILABLE_juce_dsp=1",
					"JUCE_MODULE_AVAILABLE_juce_events=1",
					"JUCE_MODULE_AVAILABLE_juce_graphics=1",
					"JUCE_MODULE_AVAILABLE_juce_gui_basics=1",
					"JUCE_MODULE_AVAILABLE_juce_gui_extra=1",
					"JUCE_GLOBAL_MODULE_SETTINGS_INCLUDED=1",
					"JUCE_VST3_CAN_REPLACE_VST2=0",
					"JUCE_STRICT_REFCOUNTEDPOINTER=1",
					"JucePlugin_Build_VST=0",
					"JucePlugin_Build_VST3=1",
					"JucePlugin_Build_AU=0",
					"JucePlugin_Build_AUv3=0",
					"JucePlugin_Build_AAX=0",
					"JucePlugin_Build_Standalone=0",
					"JucePlugin_Build_Unity=0",
					"JucePlugin_Build_LV2=0",
					"JucePlugin_Enable_IAA=0",
					"JucePlugin_Enable_ARA=0",
					"JucePlugin_Name=\\\"hw5\\\"",
					"JucePlugin_Desc=\\\"hw5\\\"",
					"JucePlugin_Manufacturer=\\\"yourcompany\\\"",
					"JucePlugin_ManufacturerWebsite=\\\"www.yourcompany.com\\\"",
					"JucePlugin_ManufacturerEmail=\\\"\\\"",
					"JucePlugin_ManufacturerCode=0x4d616e75",
					"JucePlugin_PluginCode=0x54633168",
					"JucePlugin_IsSynth=0",
					"JucePlugin_WantsMidiInput=0",
					"JucePlugin_ProducesMidiOutput=0",
					"JucePlugin_IsMidiEffect=0",
					"JucePlugin_EditorRequiresKeyboardFocus=0",
					"JucePlugin_Version=1.0.0",
					"JucePlugin_VersionCode=0x10000",
					"JucePlugin_VersionString=\\\"1.0.0\\\"",
					"JucePlugin_VSTUniqueID=JucePlugin_PluginCode",
					"JucePlugin_VSTCategory=kPlugCategEffect",
					"JucePlugin_Vst3Category=\\\"Fx\\\"",
					"JucePlugin_AUMainType=\\'aufx\\'",
					"JucePlugin_AUSubType=JucePlugin_PluginCode",
					"JucePlugin_AUExportPrefix=hw5AU",
					"JucePlugin_AUExportPrefixQuoted=\\\"hw5AU\\\"",
					"JucePlugin_AUManufacturerCode=JucePlugin_ManufacturerCode",
					"JucePlugin_CFBundleIdentifier=com.yourcompany.hw5",
					"JucePlugin_AAXIdentifier=com.yourcompany.hw5",
					"JucePlugin_AAXManufacturerCode=JucePlugin_ManufacturerCode",
					"JucePlugin_AAXProductId=JucePlugin_PluginCode",
					"JucePlugin_AAXCategory=0",
					"JucePlugin_AAXDisableBypass=0",
					"JucePlugin_AAXDisableMultiMono=0",
					"JucePlugin_IAAType=0x61757278",
					"JucePlugin_IAASubType=JucePlugin_PluginCode",
					"JucePlugin_IAAName=\\\"yourcompany:\\ hw5\\\"",
					"JucePlugin_VSTNumMidiInputs=16",
					"JucePlugin_VSTNumMidiOutputs=16",
					"JucePlugin_ARAContentTypes=0",
					"JucePlugin_ARATransformationFlags=0",
					"JucePlugin_ARAFactoryID=\\\"com.yourcompany.hw5.factory\\\"",
					"JucePlugin_ARADocumentArchiveID=\\\"com.yourcompany.hw5.aradocumentarchive.1.0.0\\\"",
					"JucePlugin_ARACompatibleArchiveIDs=\\\"\\\"",
					"JUCE_STANDALONE_APPLICATION=JucePlugin_Build_Standalone",
					"JUCER_XCODE_MAC_F6D2F4CF=1",
					"JUCE_APP_VERSION=1.0.0",
					"JUCE_APP_VERSION_HEX=0x10000",
				);
				GCC_VERSION = com.apple.compilers.llvm.clang.1_0;
				GENERATE_PKGINFO_FILE = YES;
				HEADER_SEARCH_PATHS = (
					"/Applications/JUCE/modules/juce_audio_processors/format_types/VST3_SDK",
					"$(SRCROOT)/../../JuceLibraryCode",
					"/Applications/JUCE/modules",
					"/Applications/JUCE/modules/juce_audio_plugin_client/AU",
					"$(inherited)",
				);
				INFOPLIST_FILE = Info-VST3.plist;
				INFOPLIST_PREPROCESS = NO;
				INSTALL_PATH = "$(HOME)/Library/Audio/Plug-Ins/VST3/";
				LIBRARY_STYLE = Bundle;
				MACOSX_DEPLOYMENT_TARGET = 10.13;
				MTL_HEADER_SEARCH_PATHS = "/Applications/JUCE/modules/juce_audio_processors/format_types/VST3_SDK $(SRCROOT)/../../JuceLibraryCode /Applications/JUCE/modules /Applications/JUCE/modules/juce_audio_plugin_client/AU";
				OTHER_LDFLAGS = "-bundle -lhw5";
				PRODUCT_BUNDLE_IDENTIFIER = com.yourcompany.hw5;
				PRODUCT_NAME = "hw5";
				USE_HEADERMAP = NO;
				VALID_ARCHS = "i386 x86_64 arm64 arm64e";
				WRAPPER_EXTENSION = vst3;
			};
			name = Debug;
		};
		4B397BE5C374EBAB8DF0A5AA /* Debug */ = {
			isa = XCBuildConfiguration;
			buildSettings = {
				CLANG_CXX_LANGUAGE_STANDARD = "c++17";
				CLANG_CXX_LIBRARY = "libc++";
				CLANG_LINK_OBJC_RUNTIME = NO;
				COMBINE_HIDPI_IMAGES = YES;
				CONFIGURATION_BUILD_DIR = "$(PROJECT_DIR)/build/$(CONFIGURATION)";
				COPY_PHASE_STRIP = NO;
				EXCLUDED_ARCHS = "";
				GCC_DYNAMIC_NO_PIC = NO;
				GCC_OPTIMIZATION_LEVEL = 0;
				GCC_PREPROCESSOR_DEFINITIONS = (
					"_DEBUG=1",
					"DEBUG=1",
					"JUCE_PROJUCER_VERSION=0x80003",
					"JUCE_MODULE_AVAILABLE_juce_audio_basics=1",
					"JUCE_MODULE_AVAILABLE_juce_audio_devices=1",
					"JUCE_MODULE_AVAILABLE_juce_audio_formats=1",
					"JUCE_MODULE_AVAILABLE_juce_audio_plugin_client=1",
					"JUCE_MODULE_AVAILABLE_juce_audio_processors=1",
					"JUCE_MODULE_AVAILABLE_juce_audio_utils=1",
					"JUCE_MODULE_AVAILABLE_juce_core=1",
					"JUCE_MODULE_AVAILABLE_juce_data_structures=1",
					"JUCE_MODULE_AVAILABLE_juce_dsp=1",
					"JUCE_MODULE_AVAILABLE_juce_events=1",
					"JUCE_MODULE_AVAILABLE_juce_graphics=1",
					"JUCE_MODULE_AVAILABLE_juce_gui_basics=1",
					"JUCE_MODULE_AVAILABLE_juce_gui_extra=1",
					"JUCE_GLOBAL_MODULE_SETTINGS_INCLUDED=1",
					"JUCE_VST3_CAN_REPLACE_VST2=0",
					"JUCE_STRICT_REFCOUNTEDPOINTER=1",
					"JucePlugin_Build_VST=0",
					"JucePlugin_Build_VST3=0",
					"JucePlugin_Build_AU=1",
					"JucePlugin_Build_AUv3=0",
					"JucePlugin_Build_AAX=0",
					"JucePlugin_Build_Standalone=0",
					"JucePlugin_Build_Unity=0",
					"JucePlugin_Build_LV2=0",
					"JucePlugin_Enable_IAA=0",
					"JucePlugin_Enable_ARA=0",
					"JucePlugin_Name=\\\"hw5\\\"",
					"JucePlugin_Desc=\\\"hw5\\\"",
					"JucePlugin_Manufacturer=\\\"yourcompany\\\"",
					"JucePlugin_ManufacturerWebsite=\\\"www.yourcompany.com\\\"",
					"JucePlugin_ManufacturerEmail=\\\"\\\"",
					"JucePlugin_ManufacturerCode=0x4d616e75",
					"JucePlugin_PluginCode=0x54633168",
					"JucePlugin_IsSynth=0",
					"JucePlugin_WantsMidiInput=0",
					"JucePlugin_ProducesMidiOutput=0",
					"JucePlugin_IsMidiEffect=0",
					"JucePlugin_EditorRequiresKeyboardFocus=0",
					"JucePlugin_Version=1.0.0",
					"JucePlugin_VersionCode=0x10000",
					"JucePlugin_VersionString=\\\"1.0.0\\\"",
					"JucePlugin_VSTUniqueID=JucePlugin_PluginCode",
					"JucePlugin_VSTCategory=kPlugCategEffect",
					"JucePlugin_Vst3Category=\\\"Fx\\\"",
					"JucePlugin_AUMainType=\\'aufx\\'",
					"JucePlugin_AUSubType=JucePlugin_PluginCode",
					"JucePlugin_AUExportPrefix=hw5AU",
					"JucePlugin_AUExportPrefixQuoted=\\\"hw5AU\\\"",
					"JucePlugin_AUManufacturerCode=JucePlugin_ManufacturerCode",
					"JucePlugin_CFBundleIdentifier=com.yourcompany.hw5",
					"JucePlugin_AAXIdentifier=com.yourcompany.hw5",
					"JucePlugin_AAXManufacturerCode=JucePlugin_ManufacturerCode",
					"JucePlugin_AAXProductId=JucePlugin_PluginCode",
					"JucePlugin_AAXCategory=0",
					"JucePlugin_AAXDisableBypass=0",
					"JucePlugin_AAXDisableMultiMono=0",
					"JucePlugin_IAAType=0x61757278",
					"JucePlugin_IAASubType=JucePlugin_PluginCode",
					"JucePlugin_IAAName=\\\"yourcompany:\\ hw5\\\"",
					"JucePlugin_VSTNumMidiInputs=16",
					"JucePlugin_VSTNumMidiOutputs=16",
					"JucePlugin_ARAContentTypes=0",
					"JucePlugin_ARATransformationFlags=0",
					"JucePlugin_ARAFactoryID=\\\"com.yourcompany.hw5.factory\\\"",
					"JucePlugin_ARADocumentArchiveID=\\\"com.yourcompany.hw5.aradocumentarchive.1.0.0\\\"",
					"JucePlugin_ARACompatibleArchiveIDs=\\\"\\\"",
					"JUCE_STANDALONE_APPLICATION=JucePlugin_Build_Standalone",
					"JUCER_XCODE_MAC_F6D2F4CF=1",
					"JUCE_APP_VERSION=1.0.0",
					"JUCE_APP_VERSION_HEX=0x10000",
				);
				GCC_VERSION = com.apple.compilers.llvm.clang.1_0;
				GENERATE_PKGINFO_FILE = YES;
				HEADER_SEARCH_PATHS = (
					"/Applications/JUCE/modules/juce_audio_processors/format_types/VST3_SDK",
					"$(SRCROOT)/../../JuceLibraryCode",
					"/Applications/JUCE/modules",
					"/Applications/JUCE/modules/juce_audio_plugin_client/AU",
					"$(inherited)",
				);
				INFOPLIST_FILE = Info-AU.plist;
				INFOPLIST_PREPROCESS = NO;
				INSTALL_PATH = "$(HOME)/Library/Audio/Plug-Ins/Components/";
				LIBRARY_STYLE = Bundle;
				MACOSX_DEPLOYMENT_TARGET = 10.13;
				MTL_HEADER_SEARCH_PATHS = "/Applications/JUCE/modules/juce_audio_processors/format_types/VST3_SDK $(SRCROOT)/../../JuceLibraryCode /Applications/JUCE/modules /Applications/JUCE/modules/juce_audio_plugin_client/AU";
				OTHER_LDFLAGS = "-bundle -lhw5";
				OTHER_REZFLAGS = "-d ppc_$ppc -d i386_$i386 -d ppc64_$ppc64 -d x86_64_$x86_64 -d arm64_$arm64 -I /System/Library/Frameworks/CoreServices.framework/Frameworks/CarbonCore.framework/Versions/A/Headers -I \"$(DEVELOPER_DIR)/Extras/CoreAudio/AudioUnits/AUPublic/AUBase\" -I \"$(DEVELOPER_DIR)/Platforms/MacOSX.platform/Developer/SDKs/MacOSX.sdk/System/Library/Frameworks/AudioUnit.framework/Headers\"";
				PRODUCT_BUNDLE_IDENTIFIER = com.yourcompany.hw5;
				PRODUCT_NAME = "hw5";
				USE_HEADERMAP = NO;
				VALID_ARCHS = "i386 x86_64 arm64 arm64e";
				WRAPPER_EXTENSION = component;
			};
			name = Debug;
		};
		4C855973949666AA72461FEF /* Debug */ = {
			isa = XCBuildConfiguration;
			buildSettings = {
				CLANG_CXX_LANGUAGE_STANDARD = "c++17";
				CLANG_CXX_LIBRARY = "libc++";
				CLANG_LINK_OBJC_RUNTIME = NO;
				COMBINE_HIDPI_IMAGES = YES;
				CONFIGURATION_BUILD_DIR = "$(PROJECT_DIR)/build/$(CONFIGURATION)";
				COPY_PHASE_STRIP = NO;
				EXCLUDED_ARCHS = "";
				GCC_DYNAMIC_NO_PIC = NO;
				GCC_OPTIMIZATION_LEVEL = 0;
				GCC_PREPROCESSOR_DEFINITIONS = (
					"_DEBUG=1",
					"DEBUG=1",
					"JUCE_PROJUCER_VERSION=0x80003",
					"JUCE_MODULE_AVAILABLE_juce_audio_basics=1",
					"JUCE_MODULE_AVAILABLE_juce_audio_devices=1",
					"JUCE_MODULE_AVAILABLE_juce_audio_formats=1",
					"JUCE_MODULE_AVAILABLE_juce_audio_plugin_client=1",
					"JUCE_MODULE_AVAILABLE_juce_audio_processors=1",
					"JUCE_MODULE_AVAILABLE_juce_audio_utils=1",
					"JUCE_MODULE_AVAILABLE_juce_core=1",
					"JUCE_MODULE_AVAILABLE_juce_data_structures=1",
					"JUCE_MODULE_AVAILABLE_juce_dsp=1",
					"JUCE_MODULE_AVAILABLE_juce_events=1",
					"JUCE_MODULE_AVAILABLE_juce_graphics=1",
					"JUCE_MODULE_AVAILABLE_juce_gui_basics=1",
					"JUCE_MODULE_AVAILABLE_juce_gui_extra=1",
					"JUCE_GLOBAL_MODULE_SETTINGS_INCLUDED=1",
					"JUCE_VST3_CAN_REPLACE_VST2=0",
					"JUCE_STRICT_REFCOUNTEDPOINTER=1",
					"JucePlugin_Build_VST=0",
					"JucePlugin_Build_VST3=1",
					"JucePlugin_Build_AU=1",
					"JucePlugin_Build_AUv3=0",
					"JucePlugin_Build_AAX=0",
					"JucePlugin_Build_Standalone=1",
					"JucePlugin_Build_Unity=0",
					"JucePlugin_Build_LV2=0",
					"JucePlugin_Enable_IAA=0",
					"JucePlugin_Enable_ARA=0",
					"JucePlugin_Name=\\\"hw5\\\"",
					"JucePlugin_Desc=\\\"hw5\\\"",
					"JucePlugin_Manufacturer=\\\"yourcompany\\\"",
					"JucePlugin_ManufacturerWebsite=\\\"www.yourcompany.com\\\"",
					"JucePlugin_ManufacturerEmail=\\\"\\\"",
					"JucePlugin_ManufacturerCode=0x4d616e75",
					"JucePlugin_PluginCode=0x54633168",
					"JucePlugin_IsSynth=0",
					"JucePlugin_WantsMidiInput=0",
					"JucePlugin_ProducesMidiOutput=0",
					"JucePlugin_IsMidiEffect=0",
					"JucePlugin_EditorRequiresKeyboardFocus=0",
					"JucePlugin_Version=1.0.0",
					"JucePlugin_VersionCode=0x10000",
					"JucePlugin_VersionString=\\\"1.0.0\\\"",
					"JucePlugin_VSTUniqueID=JucePlugin_PluginCode",
					"JucePlugin_VSTCategory=kPlugCategEffect",
					"JucePlugin_Vst3Category=\\\"Fx\\\"",
					"JucePlugin_AUMainType=\\'aufx\\'",
					"JucePlugin_AUSubType=JucePlugin_PluginCode",
					"JucePlugin_AUExportPrefix=hw5AU",
					"JucePlugin_AUExportPrefixQuoted=\\\"hw5AU\\\"",
					"JucePlugin_AUManufacturerCode=JucePlugin_ManufacturerCode",
					"JucePlugin_CFBundleIdentifier=com.yourcompany.hw5",
					"JucePlugin_AAXIdentifier=com.yourcompany.hw5",
					"JucePlugin_AAXManufacturerCode=JucePlugin_ManufacturerCode",
					"JucePlugin_AAXProductId=JucePlugin_PluginCode",
					"JucePlugin_AAXCategory=0",
					"JucePlugin_AAXDisableBypass=0",
					"JucePlugin_AAXDisableMultiMono=0",
					"JucePlugin_IAAType=0x61757278",
					"JucePlugin_IAASubType=JucePlugin_PluginCode",
					"JucePlugin_IAAName=\\\"yourcompany:\\ hw5\\\"",
					"JucePlugin_VSTNumMidiInputs=16",
					"JucePlugin_VSTNumMidiOutputs=16",
					"JucePlugin_ARAContentTypes=0",
					"JucePlugin_ARATransformationFlags=0",
					"JucePlugin_ARAFactoryID=\\\"com.yourcompany.hw5.factory\\\"",
					"JucePlugin_ARADocumentArchiveID=\\\"com.yourcompany.hw5.aradocumentarchive.1.0.0\\\"",
					"JucePlugin_ARACompatibleArchiveIDs=\\\"\\\"",
					"JUCE_STANDALONE_APPLICATION=JucePlugin_Build_Standalone",
					"JUCER_XCODE_MAC_F6D2F4CF=1",
					"JUCE_APP_VERSION=1.0.0",
					"JUCE_APP_VERSION_HEX=0x10000",
					"JUCE_SHARED_CODE=1",
				);
				GCC_VERSION = com.apple.compilers.llvm.clang.1_0;
				HEADER_SEARCH_PATHS = (
					"/Applications/JUCE/modules/juce_audio_processors/format_types/VST3_SDK",
					"$(SRCROOT)/../../JuceLibraryCode",
					"/Applications/JUCE/modules",
					"/Applications/JUCE/modules/juce_audio_plugin_client/AU",
					"$(inherited)",
				);
				INSTALL_PATH = "@executable_path/../Frameworks";
				MACOSX_DEPLOYMENT_TARGET = 10.13;
				MTL_HEADER_SEARCH_PATHS = "/Applications/JUCE/modules/juce_audio_processors/format_types/VST3_SDK $(SRCROOT)/../../JuceLibraryCode /Applications/JUCE/modules /Applications/JUCE/modules/juce_audio_plugin_client/AU";
				PRODUCT_BUNDLE_IDENTIFIER = com.yourcompany.hw5;
				PRODUCT_NAME = "hw5";
				SKIP_INSTALL = YES;
				USE_HEADERMAP = NO;
				VALID_ARCHS = "i386 x86_64 arm64 arm64e";
			};
			name = Debug;
		};
		645F685C5E60B5841359A1F6 /* Release */ = {
			isa = XCBuildConfiguration;
			buildSettings = {
				CLANG_CXX_LANGUAGE_STANDARD = "c++17";
				CLANG_CXX_LIBRARY = "libc++";
				CLANG_LINK_OBJC_RUNTIME = NO;
				COMBINE_HIDPI_IMAGES = YES;
				CONFIGURATION_BUILD_DIR = "$(PROJECT_DIR)/build/$(CONFIGURATION)";
				DEAD_CODE_STRIPPING = YES;
				EXCLUDED_ARCHS = "";
				GCC_GENERATE_DEBUGGING_SYMBOLS = NO;
				GCC_OPTIMIZATION_LEVEL = 3;
				GCC_PREPROCESSOR_DEFINITIONS = (
					"_NDEBUG=1",
					"NDEBUG=1",
					"JUCE_PROJUCER_VERSION=0x80003",
					"JUCE_MODULE_AVAILABLE_juce_audio_basics=1",
					"JUCE_MODULE_AVAILABLE_juce_audio_devices=1",
					"JUCE_MODULE_AVAILABLE_juce_audio_formats=1",
					"JUCE_MODULE_AVAILABLE_juce_audio_plugin_client=1",
					"JUCE_MODULE_AVAILABLE_juce_audio_processors=1",
					"JUCE_MODULE_AVAILABLE_juce_audio_utils=1",
					"JUCE_MODULE_AVAILABLE_juce_core=1",
					"JUCE_MODULE_AVAILABLE_juce_data_structures=1",
					"JUCE_MODULE_AVAILABLE_juce_dsp=1",
					"JUCE_MODULE_AVAILABLE_juce_events=1",
					"JUCE_MODULE_AVAILABLE_juce_graphics=1",
					"JUCE_MODULE_AVAILABLE_juce_gui_basics=1",
					"JUCE_MODULE_AVAILABLE_juce_gui_extra=1",
					"JUCE_GLOBAL_MODULE_SETTINGS_INCLUDED=1",
					"JUCE_VST3_CAN_REPLACE_VST2=0",
					"JUCE_STRICT_REFCOUNTEDPOINTER=1",
					"JucePlugin_Build_VST=0",
					"JucePlugin_Build_VST3=0",
					"JucePlugin_Build_AU=0",
					"JucePlugin_Build_AUv3=0",
					"JucePlugin_Build_AAX=0",
					"JucePlugin_Build_Standalone=1",
					"JucePlugin_Build_Unity=0",
					"JucePlugin_Build_LV2=0",
					"JucePlugin_Enable_IAA=0",
					"JucePlugin_Enable_ARA=0",
					"JucePlugin_Name=\\\"hw5\\\"",
					"JucePlugin_Desc=\\\"hw5\\\"",
					"JucePlugin_Manufacturer=\\\"yourcompany\\\"",
					"JucePlugin_ManufacturerWebsite=\\\"www.yourcompany.com\\\"",
					"JucePlugin_ManufacturerEmail=\\\"\\\"",
					"JucePlugin_ManufacturerCode=0x4d616e75",
					"JucePlugin_PluginCode=0x54633168",
					"JucePlugin_IsSynth=0",
					"JucePlugin_WantsMidiInput=0",
					"JucePlugin_ProducesMidiOutput=0",
					"JucePlugin_IsMidiEffect=0",
					"JucePlugin_EditorRequiresKeyboardFocus=0",
					"JucePlugin_Version=1.0.0",
					"JucePlugin_VersionCode=0x10000",
					"JucePlugin_VersionString=\\\"1.0.0\\\"",
					"JucePlugin_VSTUniqueID=JucePlugin_PluginCode",
					"JucePlugin_VSTCategory=kPlugCategEffect",
					"JucePlugin_Vst3Category=\\\"Fx\\\"",
					"JucePlugin_AUMainType=\\'aufx\\'",
					"JucePlugin_AUSubType=JucePlugin_PluginCode",
					"JucePlugin_AUExportPrefix=hw5AU",
					"JucePlugin_AUExportPrefixQuoted=\\\"hw5AU\\\"",
					"JucePlugin_AUManufacturerCode=JucePlugin_ManufacturerCode",
					"JucePlugin_CFBundleIdentifier=com.yourcompany.hw5",
					"JucePlugin_AAXIdentifier=com.yourcompany.hw5",
					"JucePlugin_AAXManufacturerCode=JucePlugin_ManufacturerCode",
					"JucePlugin_AAXProductId=JucePlugin_PluginCode",
					"JucePlugin_AAXCategory=0",
					"JucePlugin_AAXDisableBypass=0",
					"JucePlugin_AAXDisableMultiMono=0",
					"JucePlugin_IAAType=0x61757278",
					"JucePlugin_IAASubType=JucePlugin_PluginCode",
					"JucePlugin_IAAName=\\\"yourcompany:\\ hw5\\\"",
					"JucePlugin_VSTNumMidiInputs=16",
					"JucePlugin_VSTNumMidiOutputs=16",
					"JucePlugin_ARAContentTypes=0",
					"JucePlugin_ARATransformationFlags=0",
					"JucePlugin_ARAFactoryID=\\\"com.yourcompany.hw5.factory\\\"",
					"JucePlugin_ARADocumentArchiveID=\\\"com.yourcompany.hw5.aradocumentarchive.1.0.0\\\"",
					"JucePlugin_ARACompatibleArchiveIDs=\\\"\\\"",
					"JUCE_STANDALONE_APPLICATION=JucePlugin_Build_Standalone",
					"JUCER_XCODE_MAC_F6D2F4CF=1",
					"JUCE_APP_VERSION=1.0.0",
					"JUCE_APP_VERSION_HEX=0x10000",
				);
				GCC_VERSION = com.apple.compilers.llvm.clang.1_0;
				HEADER_SEARCH_PATHS = (
					"/Applications/JUCE/modules/juce_audio_processors/format_types/VST3_SDK",
					"$(SRCROOT)/../../JuceLibraryCode",
					"/Applications/JUCE/modules",
					"/Applications/JUCE/modules/juce_audio_plugin_client/AU",
					"$(inherited)",
				);
				INFOPLIST_FILE = Info-Standalone_Plugin.plist;
				INFOPLIST_PREPROCESS = NO;
				LLVM_LTO = YES;
				MACOSX_DEPLOYMENT_TARGET = 10.13;
				MTL_HEADER_SEARCH_PATHS = "/Applications/JUCE/modules/juce_audio_processors/format_types/VST3_SDK $(SRCROOT)/../../JuceLibraryCode /Applications/JUCE/modules /Applications/JUCE/modules/juce_audio_plugin_client/AU";
				OTHER_LDFLAGS = "-lhw5";
				PRODUCT_BUNDLE_IDENTIFIER = com.yourcompany.hw5;
				PRODUCT_NAME = "hw5";
				USE_HEADERMAP = NO;
				VALID_ARCHS = "i386 x86_64 arm64 arm64e";
			};
			name = Release;
		};
		91FA5ECAB32F2E16BD1C6992 /* Debug */ = {
			isa = XCBuildConfiguration;
			buildSettings = {
				CLANG_CXX_LANGUAGE_STANDARD = "c++17";
				CLANG_CXX_LIBRARY = "libc++";
				CLANG_LINK_OBJC_RUNTIME = NO;
				COMBINE_HIDPI_IMAGES = YES;
				CONFIGURATION_BUILD_DIR = "$(PROJECT_DIR)/build/$(CONFIGURATION)";
				COPY_PHASE_STRIP = NO;
				EXCLUDED_ARCHS = "";
				GCC_DYNAMIC_NO_PIC = NO;
				GCC_OPTIMIZATION_LEVEL = 0;
				GCC_PREPROCESSOR_DEFINITIONS = (
					"_DEBUG=1",
					"DEBUG=1",
					"JUCE_PROJUCER_VERSION=0x80003",
					"JUCE_MODULE_AVAILABLE_juce_audio_basics=1",
					"JUCE_MODULE_AVAILABLE_juce_audio_devices=1",
					"JUCE_MODULE_AVAILABLE_juce_audio_formats=1",
					"JUCE_MODULE_AVAILABLE_juce_audio_plugin_client=1",
					"JUCE_MODULE_AVAILABLE_juce_audio_processors=1",
					"JUCE_MODULE_AVAILABLE_juce_audio_utils=1",
					"JUCE_MODULE_AVAILABLE_juce_core=1",
					"JUCE_MODULE_AVAILABLE_juce_data_structures=1",
					"JUCE_MODULE_AVAILABLE_juce_dsp=1",
					"JUCE_MODULE_AVAILABLE_juce_events=1",
					"JUCE_MODULE_AVAILABLE_juce_graphics=1",
					"JUCE_MODULE_AVAILABLE_juce_gui_basics=1",
					"JUCE_MODULE_AVAILABLE_juce_gui_extra=1",
					"JUCE_GLOBAL_MODULE_SETTINGS_INCLUDED=1",
					"JUCE_VST3_CAN_REPLACE_VST2=0",
					"JUCE_STRICT_REFCOUNTEDPOINTER=1",
					"JucePlugin_Build_VST=0",
					"JucePlugin_Build_VST3=0",
					"JucePlugin_Build_AU=0",
					"JucePlugin_Build_AUv3=0",
					"JucePlugin_Build_AAX=0",
					"JucePlugin_Build_Standalone=1",
					"JucePlugin_Build_Unity=0",
					"JucePlugin_Build_LV2=0",
					"JucePlugin_Enable_IAA=0",
					"JucePlugin_Enable_ARA=0",
					"JucePlugin_Name=\\\"hw5\\\"",
					"JucePlugin_Desc=\\\"hw5\\\"",
					"JucePlugin_Manufacturer=\\\"yourcompany\\\"",
					"JucePlugin_ManufacturerWebsite=\\\"www.yourcompany.com\\\"",
					"JucePlugin_ManufacturerEmail=\\\"\\\"",
					"JucePlugin_ManufacturerCode=0x4d616e75",
					"JucePlugin_PluginCode=0x54633168",
					"JucePlugin_IsSynth=0",
					"JucePlugin_WantsMidiInput=0",
					"JucePlugin_ProducesMidiOutput=0",
					"JucePlugin_IsMidiEffect=0",
					"JucePlugin_EditorRequiresKeyboardFocus=0",
					"JucePlugin_Version=1.0.0",
					"JucePlugin_VersionCode=0x10000",
					"JucePlugin_VersionString=\\\"1.0.0\\\"",
					"JucePlugin_VSTUniqueID=JucePlugin_PluginCode",
					"JucePlugin_VSTCategory=kPlugCategEffect",
					"JucePlugin_Vst3Category=\\\"Fx\\\"",
					"JucePlugin_AUMainType=\\'aufx\\'",
					"JucePlugin_AUSubType=JucePlugin_PluginCode",
					"JucePlugin_AUExportPrefix=hw5AU",
					"JucePlugin_AUExportPrefixQuoted=\\\"hw5AU\\\"",
					"JucePlugin_AUManufacturerCode=JucePlugin_ManufacturerCode",
					"JucePlugin_CFBundleIdentifier=com.yourcompany.hw5",
					"JucePlugin_AAXIdentifier=com.yourcompany.hw5",
					"JucePlugin_AAXManufacturerCode=JucePlugin_ManufacturerCode",
					"JucePlugin_AAXProductId=JucePlugin_PluginCode",
					"JucePlugin_AAXCategory=0",
					"JucePlugin_AAXDisableBypass=0",
					"JucePlugin_AAXDisableMultiMono=0",
					"JucePlugin_IAAType=0x61757278",
					"JucePlugin_IAASubType=JucePlugin_PluginCode",
					"JucePlugin_IAAName=\\\"yourcompany:\\ hw5\\\"",
					"JucePlugin_VSTNumMidiInputs=16",
					"JucePlugin_VSTNumMidiOutputs=16",
					"JucePlugin_ARAContentTypes=0",
					"JucePlugin_ARATransformationFlags=0",
					"JucePlugin_ARAFactoryID=\\\"com.yourcompany.hw5.factory\\\"",
					"JucePlugin_ARADocumentArchiveID=\\\"com.yourcompany.hw5.aradocumentarchive.1.0.0\\\"",
					"JucePlugin_ARACompatibleArchiveIDs=\\\"\\\"",
					"JUCE_STANDALONE_APPLICATION=JucePlugin_Build_Standalone",
					"JUCER_XCODE_MAC_F6D2F4CF=1",
					"JUCE_APP_VERSION=1.0.0",
					"JUCE_APP_VERSION_HEX=0x10000",
				);
				GCC_VERSION = com.apple.compilers.llvm.clang.1_0;
				HEADER_SEARCH_PATHS = (
					"/Applications/JUCE/modules/juce_audio_processors/format_types/VST3_SDK",
					"$(SRCROOT)/../../JuceLibraryCode",
					"/Applications/JUCE/modules",
					"/Applications/JUCE/modules/juce_audio_plugin_client/AU",
					"$(inherited)",
				);
				INFOPLIST_FILE = Info-Standalone_Plugin.plist;
				INFOPLIST_PREPROCESS = NO;
				MACOSX_DEPLOYMENT_TARGET = 10.13;
				MTL_HEADER_SEARCH_PATHS = "/Applications/JUCE/modules/juce_audio_processors/format_types/VST3_SDK $(SRCROOT)/../../JuceLibraryCode /Applications/JUCE/modules /Applications/JUCE/modules/juce_audio_plugin_client/AU";
				OTHER_LDFLAGS = "-lhw5";
				PRODUCT_BUNDLE_IDENTIFIER = com.yourcompany.hw5;
				PRODUCT_NAME = "hw5";
				USE_HEADERMAP = NO;
				VALID_ARCHS = "i386 x86_64 arm64 arm64e";
			};
			name = Debug;
		};
		A20BC8A79D5C2C128C9D908A /* Release */ = {
			isa = XCBuildConfiguration;
			buildSettings = {
				MACOSX_DEPLOYMENT_TARGET = 10.13;
				SDKROOT = macosx;
			};
			name = Release;
		};
		DFC408000549838E029C1D47 /* Release */ = {
			isa = XCBuildConfiguration;
			buildSettings = {
				CLANG_CXX_LANGUAGE_STANDARD = "c++17";
				CLANG_CXX_LIBRARY = "libc++";
				CLANG_LINK_OBJC_RUNTIME = NO;
				COMBINE_HIDPI_IMAGES = YES;
				CONFIGURATION_BUILD_DIR = "$(PROJECT_DIR)/build/$(CONFIGURATION)";
				DEAD_CODE_STRIPPING = YES;
				EXCLUDED_ARCHS = "";
				GCC_GENERATE_DEBUGGING_SYMBOLS = NO;
				GCC_OPTIMIZATION_LEVEL = 3;
				GCC_PREPROCESSOR_DEFINITIONS = (
					"_NDEBUG=1",
					"NDEBUG=1",
					"JUCE_PROJUCER_VERSION=0x80003",
					"JUCE_MODULE_AVAILABLE_juce_audio_basics=1",
					"JUCE_MODULE_AVAILABLE_juce_audio_devices=1",
					"JUCE_MODULE_AVAILABLE_juce_audio_formats=1",
					"JUCE_MODULE_AVAILABLE_juce_audio_plugin_client=1",
					"JUCE_MODULE_AVAILABLE_juce_audio_processors=1",
					"JUCE_MODULE_AVAILABLE_juce_audio_utils=1",
					"JUCE_MODULE_AVAILABLE_juce_core=1",
					"JUCE_MODULE_AVAILABLE_juce_data_structures=1",
					"JUCE_MODULE_AVAILABLE_juce_dsp=1",
					"JUCE_MODULE_AVAILABLE_juce_events=1",
					"JUCE_MODULE_AVAILABLE_juce_graphics=1",
					"JUCE_MODULE_AVAILABLE_juce_gui_basics=1",
					"JUCE_MODULE_AVAILABLE_juce_gui_extra=1",
					"JUCE_GLOBAL_MODULE_SETTINGS_INCLUDED=1",
					"JUCE_VST3_CAN_REPLACE_VST2=0",
					"JUCE_STRICT_REFCOUNTEDPOINTER=1",
					"JucePlugin_Build_VST=0",
					"JucePlugin_Build_VST3=0",
					"JucePlugin_Build_AU=0",
					"JucePlugin_Build_AUv3=0",
					"JucePlugin_Build_AAX=0",
					"JucePlugin_Build_Standalone=0",
					"JucePlugin_Build_Unity=0",
					"JucePlugin_Build_LV2=0",
					"JucePlugin_Enable_IAA=0",
					"JucePlugin_Enable_ARA=0",
					"JucePlugin_Name=\\\"hw5\\\"",
					"JucePlugin_Desc=\\\"hw5\\\"",
					"JucePlugin_Manufacturer=\\\"yourcompany\\\"",
					"JucePlugin_ManufacturerWebsite=\\\"www.yourcompany.com\\\"",
					"JucePlugin_ManufacturerEmail=\\\"\\\"",
					"JucePlugin_ManufacturerCode=0x4d616e75",
					"JucePlugin_PluginCode=0x54633168",
					"JucePlugin_IsSynth=0",
					"JucePlugin_WantsMidiInput=0",
					"JucePlugin_ProducesMidiOutput=0",
					"JucePlugin_IsMidiEffect=0",
					"JucePlugin_EditorRequiresKeyboardFocus=0",
					"JucePlugin_Version=1.0.0",
					"JucePlugin_VersionCode=0x10000",
					"JucePlugin_VersionString=\\\"1.0.0\\\"",
					"JucePlugin_VSTUniqueID=JucePlugin_PluginCode",
					"JucePlugin_VSTCategory=kPlugCategEffect",
					"JucePlugin_Vst3Category=\\\"Fx\\\"",
					"JucePlugin_AUMainType=\\'aufx\\'",
					"JucePlugin_AUSubType=JucePlugin_PluginCode",
					"JucePlugin_AUExportPrefix=hw5AU",
					"JucePlugin_AUExportPrefixQuoted=\\\"hw5AU\\\"",
					"JucePlugin_AUManufacturerCode=JucePlugin_ManufacturerCode",
					"JucePlugin_CFBundleIdentifier=com.yourcompany.hw5",
					"JucePlugin_AAXIdentifier=com.yourcompany.hw5",
					"JucePlugin_AAXManufacturerCode=JucePlugin_ManufacturerCode",
					"JucePlugin_AAXProductId=JucePlugin_PluginCode",
					"JucePlugin_AAXCategory=0",
					"JucePlugin_AAXDisableBypass=0",
					"JucePlugin_AAXDisableMultiMono=0",
					"JucePlugin_IAAType=0x61757278",
					"JucePlugin_IAASubType=JucePlugin_PluginCode",
					"JucePlugin_IAAName=\\\"yourcompany:\\ hw5\\\"",
					"JucePlugin_VSTNumMidiInputs=16",
					"JucePlugin_VSTNumMidiOutputs=16",
					"JucePlugin_ARAContentTypes=0",
					"JucePlugin_ARATransformationFlags=0",
					"JucePlugin_ARAFactoryID=\\\"com.yourcompany.hw5.factory\\\"",
					"JucePlugin_ARADocumentArchiveID=\\\"com.yourcompany.hw5.aradocumentarchive.1.0.0\\\"",
					"JucePlugin_ARACompatibleArchiveIDs=\\\"\\\"",
					"JUCE_STANDALONE_APPLICATION=JucePlugin_Build_Standalone",
					"JUCER_XCODE_MAC_F6D2F4CF=1",
					"JUCE_APP_VERSION=1.0.0",
					"JUCE_APP_VERSION_HEX=0x10000",
				);
				GCC_VERSION = com.apple.compilers.llvm.clang.1_0;
				HEADER_SEARCH_PATHS = (
					"/Applications/JUCE/modules/juce_audio_processors/format_types/VST3_SDK",
					"$(SRCROOT)/../../JuceLibraryCode",
					"/Applications/JUCE/modules",
					"/Applications/JUCE/modules/juce_audio_plugin_client/AU",
					"$(inherited)",
				);
				INFOPLIST_FILE = Info-VST3_Manifest_Helper.plist;
				INFOPLIST_PREPROCESS = NO;
				LLVM_LTO = YES;
				MACOSX_DEPLOYMENT_TARGET = 10.13;
				MTL_HEADER_SEARCH_PATHS = "/Applications/JUCE/modules/juce_audio_processors/format_types/VST3_SDK $(SRCROOT)/../../JuceLibraryCode /Applications/JUCE/modules /Applications/JUCE/modules/juce_audio_plugin_client/AU";
				PRODUCT_BUNDLE_IDENTIFIER = com.yourcompany.hw5;
				PRODUCT_NAME = "juce_vst3_helper";
				USE_HEADERMAP = NO;
				VALID_ARCHS = "i386 x86_64 arm64 arm64e";
			};
			name = Release;
		};
		E116C9669576E025A3AA30C1 /* Release */ = {
			isa = XCBuildConfiguration;
			buildSettings = {
				CLANG_CXX_LANGUAGE_STANDARD = "c++17";
				CLANG_CXX_LIBRARY = "libc++";
				CLANG_LINK_OBJC_RUNTIME = NO;
				COMBINE_HIDPI_IMAGES = YES;
				CONFIGURATION_BUILD_DIR = "$(PROJECT_DIR)/build/$(CONFIGURATION)";
				DEAD_CODE_STRIPPING = YES;
				EXCLUDED_ARCHS = "";
				GCC_GENERATE_DEBUGGING_SYMBOLS = NO;
				GCC_OPTIMIZATION_LEVEL = 3;
				GCC_PREPROCESSOR_DEFINITIONS = (
					"_NDEBUG=1",
					"NDEBUG=1",
					"JUCE_PROJUCER_VERSION=0x80003",
					"JUCE_MODULE_AVAILABLE_juce_audio_basics=1",
					"JUCE_MODULE_AVAILABLE_juce_audio_devices=1",
					"JUCE_MODULE_AVAILABLE_juce_audio_formats=1",
					"JUCE_MODULE_AVAILABLE_juce_audio_plugin_client=1",
					"JUCE_MODULE_AVAILABLE_juce_audio_processors=1",
					"JUCE_MODULE_AVAILABLE_juce_audio_utils=1",
					"JUCE_MODULE_AVAILABLE_juce_core=1",
					"JUCE_MODULE_AVAILABLE_juce_data_structures=1",
					"JUCE_MODULE_AVAILABLE_juce_dsp=1",
					"JUCE_MODULE_AVAILABLE_juce_events=1",
					"JUCE_MODULE_AVAILABLE_juce_graphics=1",
					"JUCE_MODULE_AVAILABLE_juce_gui_basics=1",
					"JUCE_MODULE_AVAILABLE_juce_gui_extra=1",
					"JUCE_GLOBAL_MODULE_SETTINGS_INCLUDED=1",
					"JUCE_VST3_CAN_REPLACE_VST2=0",
					"JUCE_STRICT_REFCOUNTEDPOINTER=1",
					"JucePlugin_Build_VST=0",
					"JucePlugin_Build_VST3=0",
					"JucePlugin_Build_AU=1",
					"JucePlugin_Build_AUv3=0",
					"JucePlugin_Build_AAX=0",
					"JucePlugin_Build_Standalone=0",
					"JucePlugin_Build_Unity=0",
					"JucePlugin_Build_LV2=0",
					"JucePlugin_Enable_IAA=0",
					"JucePlugin_Enable_ARA=0",
					"JucePlugin_Name=\\\"hw5\\\"",
					"JucePlugin_Desc=\\\"hw5\\\"",
					"JucePlugin_Manufacturer=\\\"yourcompany\\\"",
					"JucePlugin_ManufacturerWebsite=\\\"www.yourcompany.com\\\"",
					"JucePlugin_ManufacturerEmail=\\\"\\\"",
					"JucePlugin_ManufacturerCode=0x4d616e75",
					"JucePlugin_PluginCode=0x54633168",
					"JucePlugin_IsSynth=0",
					"JucePlugin_WantsMidiInput=0",
					"JucePlugin_ProducesMidiOutput=0",
					"JucePlugin_IsMidiEffect=0",
					"JucePlugin_EditorRequiresKeyboardFocus=0",
					"JucePlugin_Version=1.0.0",
					"JucePlugin_VersionCode=0x10000",
					"JucePlugin_VersionString=\\\"1.0.0\\\"",
					"JucePlugin_VSTUniqueID=JucePlugin_PluginCode",
					"JucePlugin_VSTCategory=kPlugCategEffect",
					"JucePlugin_Vst3Category=\\\"Fx\\\"",
					"JucePlugin_AUMainType=\\'aufx\\'",
					"JucePlugin_AUSubType=JucePlugin_PluginCode",
					"JucePlugin_AUExportPrefix=hw5AU",
					"JucePlugin_AUExportPrefixQuoted=\\\"hw5AU\\\"",
					"JucePlugin_AUManufacturerCode=JucePlugin_ManufacturerCode",
					"JucePlugin_CFBundleIdentifier=com.yourcompany.hw5",
					"JucePlugin_AAXIdentifier=com.yourcompany.hw5",
					"JucePlugin_AAXManufacturerCode=JucePlugin_ManufacturerCode",
					"JucePlugin_AAXProductId=JucePlugin_PluginCode",
					"JucePlugin_AAXCategory=0",
					"JucePlugin_AAXDisableBypass=0",
					"JucePlugin_AAXDisableMultiMono=0",
					"JucePlugin_IAAType=0x61757278",
					"JucePlugin_IAASubType=JucePlugin_PluginCode",
					"JucePlugin_IAAName=\\\"yourcompany:\\ hw5\\\"",
					"JucePlugin_VSTNumMidiInputs=16",
					"JucePlugin_VSTNumMidiOutputs=16",
					"JucePlugin_ARAContentTypes=0",
					"JucePlugin_ARATransformationFlags=0",
					"JucePlugin_ARAFactoryID=\\\"com.yourcompany.hw5.factory\\\"",
					"JucePlugin_ARADocumentArchiveID=\\\"com.yourcompany.hw5.aradocumentarchive.1.0.0\\\"",
					"JucePlugin_ARACompatibleArchiveIDs=\\\"\\\"",
					"JUCE_STANDALONE_APPLICATION=JucePlugin_Build_Standalone",
					"JUCER_XCODE_MAC_F6D2F4CF=1",
					"JUCE_APP_VERSION=1.0.0",
					"JUCE_APP_VERSION_HEX=0x10000",
				);
				GCC_VERSION = com.apple.compilers.llvm.clang.1_0;
				GENERATE_PKGINFO_FILE = YES;
				HEADER_SEARCH_PATHS = (
					"/Applications/JUCE/modules/juce_audio_processors/format_types/VST3_SDK",
					"$(SRCROOT)/../../JuceLibraryCode",
					"/Applications/JUCE/modules",
					"/Applications/JUCE/modules/juce_audio_plugin_client/AU",
					"$(inherited)",
				);
				INFOPLIST_FILE = Info-AU.plist;
				INFOPLIST_PREPROCESS = NO;
				INSTALL_PATH = "$(HOME)/Library/Audio/Plug-Ins/Components/";
				LIBRARY_STYLE = Bundle;
				LLVM_LTO = YES;
				MACOSX_DEPLOYMENT_TARGET = 10.13;
				MTL_HEADER_SEARCH_PATHS = "/Applications/JUCE/modules/juce_audio_processors/format_types/VST3_SDK $(SRCROOT)/../../JuceLibraryCode /Applications/JUCE/modules /Applications/JUCE/modules/juce_audio_plugin_client/AU";
				OTHER_LDFLAGS = "-bundle -lhw5";
				OTHER_REZFLAGS = "-d ppc_$ppc -d i386_$i386 -d ppc64_$ppc64 -d x86_64_$x86_64 -d arm64_$arm64 -I /System/Library/Frameworks/CoreServices.framework/Frameworks/CarbonCore.framework/Versions/A/Headers -I \"$(DEVELOPER_DIR)/Extras/CoreAudio/AudioUnits/AUPublic/AUBase\" -I \"$(DEVELOPER_DIR)/Platforms/MacOSX.platform/Developer/SDKs/MacOSX.sdk/System/Library/Frameworks/AudioUnit.framework/Headers\"";
				PRODUCT_BUNDLE_IDENTIFIER = com.yourcompany.hw5;
				PRODUCT_NAME = "hw5";
				USE_HEADERMAP = NO;
				VALID_ARCHS = "i386 x86_64 arm64 arm64e";
				WRAPPER_EXTENSION = component;
			};
			name = Release;
		};
		FFCCCE0EEC668C60EC409B40 /* Release */ = {
			isa = XCBuildConfiguration;
			buildSettings = {
				CLANG_CXX_LANGUAGE_STANDARD = "c++17";
				CLANG_CXX_LIBRARY = "libc++";
				CLANG_LINK_OBJC_RUNTIME = NO;
				COMBINE_HIDPI_IMAGES = YES;
				CONFIGURATION_BUILD_DIR = "$(PROJECT_DIR)/build/$(CONFIGURATION)";
				DEAD_CODE_STRIPPING = YES;
				EXCLUDED_ARCHS = "";
				GCC_GENERATE_DEBUGGING_SYMBOLS = NO;
				GCC_OPTIMIZATION_LEVEL = 3;
				GCC_PREPROCESSOR_DEFINITIONS = (
					"_NDEBUG=1",
					"NDEBUG=1",
					"JUCE_PROJUCER_VERSION=0x80003",
					"JUCE_MODULE_AVAILABLE_juce_audio_basics=1",
					"JUCE_MODULE_AVAILABLE_juce_audio_devices=1",
					"JUCE_MODULE_AVAILABLE_juce_audio_formats=1",
					"JUCE_MODULE_AVAILABLE_juce_audio_plugin_client=1",
					"JUCE_MODULE_AVAILABLE_juce_audio_processors=1",
					"JUCE_MODULE_AVAILABLE_juce_audio_utils=1",
					"JUCE_MODULE_AVAILABLE_juce_core=1",
					"JUCE_MODULE_AVAILABLE_juce_data_structures=1",
					"JUCE_MODULE_AVAILABLE_juce_dsp=1",
					"JUCE_MODULE_AVAILABLE_juce_events=1",
					"JUCE_MODULE_AVAILABLE_juce_graphics=1",
					"JUCE_MODULE_AVAILABLE_juce_gui_basics=1",
					"JUCE_MODULE_AVAILABLE_juce_gui_extra=1",
					"JUCE_GLOBAL_MODULE_SETTINGS_INCLUDED=1",
					"JUCE_VST3_CAN_REPLACE_VST2=0",
					"JUCE_STRICT_REFCOUNTEDPOINTER=1",
					"JucePlugin_Build_VST=0",
					"JucePlugin_Build_VST3=1",
					"JucePlugin_Build_AU=0",
					"JucePlugin_Build_AUv3=0",
					"JucePlugin_Build_AAX=0",
					"JucePlugin_Build_Standalone=0",
					"JucePlugin_Build_Unity=0",
					"JucePlugin_Build_LV2=0",
					"JucePlugin_Enable_IAA=0",
					"JucePlugin_Enable_ARA=0",
					"JucePlugin_Name=\\\"hw5\\\"",
					"JucePlugin_Desc=\\\"hw5\\\"",
					"JucePlugin_Manufacturer=\\\"yourcompany\\\"",
					"JucePlugin_ManufacturerWebsite=\\\"www.yourcompany.com\\\"",
					"JucePlugin_ManufacturerEmail=\\\"\\\"",
					"JucePlugin_ManufacturerCode=0x4d616e75",
					"JucePlugin_PluginCode=0x54633168",
					"JucePlugin_IsSynth=0",
					"JucePlugin_WantsMidiInput=0",
					"JucePlugin_ProducesMidiOutput=0",
					"JucePlugin_IsMidiEffect=0",
					"JucePlugin_EditorRequiresKeyboardFocus=0",
					"JucePlugin_Version=1.0.0",
					"JucePlugin_VersionCode=0x10000",
					"JucePlugin_VersionString=\\\"1.0.0\\\"",
					"JucePlugin_VSTUniqueID=JucePlugin_PluginCode",
					"JucePlugin_VSTCategory=kPlugCategEffect",
					"JucePlugin_Vst3Category=\\\"Fx\\\"",
					"JucePlugin_AUMainType=\\'aufx\\'",
					"JucePlugin_AUSubType=JucePlugin_PluginCode",
					"JucePlugin_AUExportPrefix=hw5AU",
					"JucePlugin_AUExportPrefixQuoted=\\\"hw5AU\\\"",
					"JucePlugin_AUManufacturerCode=JucePlugin_ManufacturerCode",
					"JucePlugin_CFBundleIdentifier=com.yourcompany.hw5",
					"JucePlugin_AAXIdentifier=com.yourcompany.hw5",
					"JucePlugin_AAXManufacturerCode=JucePlugin_ManufacturerCode",
					"JucePlugin_AAXProductId=JucePlugin_PluginCode",
					"JucePlugin_AAXCategory=0",
					"JucePlugin_AAXDisableBypass=0",
					"JucePlugin_AAXDisableMultiMono=0",
					"JucePlugin_IAAType=0x61757278",
					"JucePlugin_IAASubType=JucePlugin_PluginCode",
					"JucePlugin_IAAName=\\\"yourcompany:\\ hw5\\\"",
					"JucePlugin_VSTNumMidiInputs=16",
					"JucePlugin_VSTNumMidiOutputs=16",
					"JucePlugin_ARAContentTypes=0",
					"JucePlugin_ARATransformationFlags=0",
					"JucePlugin_ARAFactoryID=\\\"com.yourcompany.hw5.factory\\\"",
					"JucePlugin_ARADocumentArchiveID=\\\"com.yourcompany.hw5.aradocumentarchive.1.0.0\\\"",
					"JucePlugin_ARACompatibleArchiveIDs=\\\"\\\"",
					"JUCE_STANDALONE_APPLICATION=JucePlugin_Build_Standalone",
					"JUCER_XCODE_MAC_F6D2F4CF=1",
					"JUCE_APP_VERSION=1.0.0",
					"JUCE_APP_VERSION_HEX=0x10000",
				);
				GCC_VERSION = com.apple.compilers.llvm.clang.1_0;
				GENERATE_PKGINFO_FILE = YES;
				HEADER_SEARCH_PATHS = (
					"/Applications/JUCE/modules/juce_audio_processors/format_types/VST3_SDK",
					"$(SRCROOT)/../../JuceLibraryCode",
					"/Applications/JUCE/modules",
					"/Applications/JUCE/modules/juce_audio_plugin_client/AU",
					"$(inherited)",
				);
				INFOPLIST_FILE = Info-VST3.plist;
				INFOPLIST_PREPROCESS = NO;
				INSTALL_PATH = "$(HOME)/Library/Audio/Plug-Ins/VST3/";
				LIBRARY_STYLE = Bundle;
				LLVM_LTO = YES;
				MACOSX_DEPLOYMENT_TARGET = 10.13;
				MTL_HEADER_SEARCH_PATHS = "/Applications/JUCE/modules/juce_audio_processors/format_types/VST3_SDK $(SRCROOT)/../../JuceLibraryCode /Applications/JUCE/modules /Applications/JUCE/modules/juce_audio_plugin_client/AU";
				OTHER_LDFLAGS = "-bundle -lhw5";
				PRODUCT_BUNDLE_IDENTIFIER = com.yourcompany.hw5;
				PRODUCT_NAME = "hw5";
				USE_HEADERMAP = NO;
				VALID_ARCHS = "i386 x86_64 arm64 arm64e";
				WRAPPER_EXTENSION = vst3;
			};
			name = Release;
		};
/* End XCBuildConfiguration section */

/* Begin XCConfigurationList section */
		1F549B49E75235D0E2F3E032 = {
			isa = XCConfigurationList;
			buildConfigurations = (
				35BDAC66EF64AFFF67314C03,
				FFCCCE0EEC668C60EC409B40,
			);
			defaultConfigurationIsVisible = 0;
			defaultConfigurationName = Debug;
		};
		4BD51406213CD5B283FDC7A2 = {
			isa = XCConfigurationList;
			buildConfigurations = (
				2E80D98E481FAE9E44A54AD3,
				A20BC8A79D5C2C128C9D908A,
			);
			defaultConfigurationIsVisible = 0;
			defaultConfigurationName = Debug;
		};
		B2711A39D8D5027FE8F20D68 = {
			isa = XCConfigurationList;
			buildConfigurations = (
				4B397BE5C374EBAB8DF0A5AA,
				E116C9669576E025A3AA30C1,
			);
			defaultConfigurationIsVisible = 0;
			defaultConfigurationName = Debug;
		};
		CA7C9E796C3E29665FB3484A = {
			isa = XCConfigurationList;
			buildConfigurations = (
				4C855973949666AA72461FEF,
				1E62F38E814501F00D0A0C66,
			);
			defaultConfigurationIsVisible = 0;
			defaultConfigurationName = Debug;
		};
		F03A7313B0A3CB3B1FE80E5F = {
			isa = XCConfigurationList;
			buildConfigurations = (
				352DDA5C7B6EFA8DDC424B20,
				DFC408000549838E029C1D47,
			);
			defaultConfigurationIsVisible = 0;
			defaultConfigurationName = Debug;
		};
		FB7E639F019CD3926895CDEA = {
			isa = XCConfigurationList;
			buildConfigurations = (
				91FA5ECAB32F2E16BD1C6992,
				645F685C5E60B5841359A1F6,
			);
			defaultConfigurationIsVisible = 0;
			defaultConfigurationName = Debug;
		};
		FE1AD48C36EA0F71A7C9F2BE = {
			isa = XCConfigurationList;
			buildConfigurations = (
				12B53A111A4BE111DB2D14E5,
				2A071A86A1B272D11E3A41C0,
			);
			defaultConfigurationIsVisible = 0;
			defaultConfigurationName = Debug;
		};
/* End XCConfigurationList section */
	};
	rootObject = 52779C1470FFBD7FE81D5956 /* Project object */;
}
